// !$*UTF8*$!
{
	archiveVersion = 1;
	classes = {
	};
	objectVersion = 50;
	objects = {

/* Begin PBXBuildFile section */
		0B1097C021DE29AF00147836 /* Assets.xcassets in Resources */ = {isa = PBXBuildFile; fileRef = 0B1097BF21DE29AF00147836 /* Assets.xcassets */; };
		0B21B4F921E344C200AD4570 /* ManualScanViewController.swift in Sources */ = {isa = PBXBuildFile; fileRef = 0B21B4F821E344C200AD4570 /* ManualScanViewController.swift */; };
		0B21B4FB21E3483E00AD4570 /* ConfigListViewController.swift in Sources */ = {isa = PBXBuildFile; fileRef = 0B21B4FA21E3483E00AD4570 /* ConfigListViewController.swift */; };
		0B21B4FD21E35DCD00AD4570 /* ReplaceAttachmentViewController.swift in Sources */ = {isa = PBXBuildFile; fileRef = 0B21B4FC21E35DCD00AD4570 /* ReplaceAttachmentViewController.swift */; };
		0B21B4FF21E35E0000AD4570 /* AttachmentListViewController.swift in Sources */ = {isa = PBXBuildFile; fileRef = 0B21B4FE21E35E0000AD4570 /* AttachmentListViewController.swift */; };
		0B27B33D21E36A650014B90A /* AddPhotoViewController.swift in Sources */ = {isa = PBXBuildFile; fileRef = 0B27B33C21E36A650014B90A /* AddPhotoViewController.swift */; };
		0B39275D21EC984E00EABC70 /* AttachmentModel.swift in Sources */ = {isa = PBXBuildFile; fileRef = 0B39275C21EC984E00EABC70 /* AttachmentModel.swift */; };
		0B64F73821C264130024EC18 /* AppDelegate.swift in Sources */ = {isa = PBXBuildFile; fileRef = 0B64F73721C264130024EC18 /* AppDelegate.swift */; };
		0B64F73D21C264130024EC18 /* Main.storyboard in Resources */ = {isa = PBXBuildFile; fileRef = 0B64F73B21C264130024EC18 /* Main.storyboard */; };
		0B64F74221C264140024EC18 /* LaunchScreen.storyboard in Resources */ = {isa = PBXBuildFile; fileRef = 0B64F74021C264140024EC18 /* LaunchScreen.storyboard */; };
		0B64F76621C287530024EC18 /* LoginViewController.swift in Sources */ = {isa = PBXBuildFile; fileRef = 0B64F76521C287530024EC18 /* LoginViewController.swift */; };
		0B73E18F21DFF12F00C26BF0 /* EMRLineModel.swift in Sources */ = {isa = PBXBuildFile; fileRef = 0B73E18E21DFF12F00C26BF0 /* EMRLineModel.swift */; };
		0B73E19221DFFA2600C26BF0 /* EMRLineViewController.swift in Sources */ = {isa = PBXBuildFile; fileRef = 0B73E19121DFFA2600C26BF0 /* EMRLineViewController.swift */; };
		0BF8289121DF9AF30039156E /* SettingsViewController.swift in Sources */ = {isa = PBXBuildFile; fileRef = 0BF8289021DF9AF30039156E /* SettingsViewController.swift */; };
		0BF8289321DFB2210039156E /* EMRListViewController.swift in Sources */ = {isa = PBXBuildFile; fileRef = 0BF8289221DFB2210039156E /* EMRListViewController.swift */; };
		30467982DA9E4BDE8B6F381F /* Pods_Rental.framework in Frameworks */ = {isa = PBXBuildFile; fileRef = 73E042DB4CE28B6520145FDA /* Pods_Rental.framework */; };
		34227B9621F381400022E092 /* MenuListViewController.swift in Sources */ = {isa = PBXBuildFile; fileRef = 0BAD45F721E3982D00465282 /* MenuListViewController.swift */; };
		6581204BB60493A13D7B7831 /* MenuTableViewCell.swift in Sources */ = {isa = PBXBuildFile; fileRef = 65812DACE1AEFB1A0C259824 /* MenuTableViewCell.swift */; };
		658121F38C716434195380BC /* ConfigTableViewCell.swift in Sources */ = {isa = PBXBuildFile; fileRef = 6581290AEC89788BBBAA3E44 /* ConfigTableViewCell.swift */; };
		658122656C036B160D86D872 /* LoginViewModel.swift in Sources */ = {isa = PBXBuildFile; fileRef = 658122E2977C5A65E75868CB /* LoginViewModel.swift */; };
		658122FC8A20FB0E93B9C065 /* MenuItemViewModel.swift in Sources */ = {isa = PBXBuildFile; fileRef = 658129DEDF61A4387FF0A569 /* MenuItemViewModel.swift */; };
		6581237FDF2FE2BCC04BC688 /* Steps.swift in Sources */ = {isa = PBXBuildFile; fileRef = 65812325CFF6545D60E3B4C3 /* Steps.swift */; };
		658124A183693C39BB549869 /* MenuModel.swift in Sources */ = {isa = PBXBuildFile; fileRef = 65812DE397750B665CE404E9 /* MenuModel.swift */; };
		6581257BBFC11B51E9858437 /* AttachmentTableViewCell.swift in Sources */ = {isa = PBXBuildFile; fileRef = 658128D755181CD0267D85F3 /* AttachmentTableViewCell.swift */; };
		6581262504F8823C50B9AA4D /* AddPhotoViewModel.swift in Sources */ = {isa = PBXBuildFile; fileRef = 65812A921CA61546D80399FB /* AddPhotoViewModel.swift */; };
		6581263BA9D8FA56650E30C9 /* ConfigItemViewModel.swift in Sources */ = {isa = PBXBuildFile; fileRef = 658128D4F2C1C9AEAC43A3A7 /* ConfigItemViewModel.swift */; };
		6581271B61145CCE3E5EFCFB /* EMRItemViewModel.swift in Sources */ = {isa = PBXBuildFile; fileRef = 658127DF3EA38A9091D2A3BD /* EMRItemViewModel.swift */; };
		6581275BDB487F150EF62275 /* MenuListViewModel.swift in Sources */ = {isa = PBXBuildFile; fileRef = 65812A5F4490E3542A787905 /* MenuListViewModel.swift */; };
		658127D688E8BA79C2D94F1B /* ReplaceAttachmentViewModel.swift in Sources */ = {isa = PBXBuildFile; fileRef = 65812AFA854095F871580881 /* ReplaceAttachmentViewModel.swift */; };
		65812923A7B48D1EA5ED01D2 /* ManualScanViewModel.swift in Sources */ = {isa = PBXBuildFile; fileRef = 6581288C9125565A66835597 /* ManualScanViewModel.swift */; };
		65812A45933E6515952F14A8 /* AttachmentListViewModel.swift in Sources */ = {isa = PBXBuildFile; fileRef = 6581249BE687ED691ED8D632 /* AttachmentListViewModel.swift */; };
		65812ACB88BF8E347EAF5352 /* ConfigModel.swift in Sources */ = {isa = PBXBuildFile; fileRef = 65812D7779152187BCE29157 /* ConfigModel.swift */; };
		65812CFB38323AAC53DF765C /* EMRLineViewModel.swift in Sources */ = {isa = PBXBuildFile; fileRef = 65812C7D78DFF49EA8495327 /* EMRLineViewModel.swift */; };
		65812CFF8478370571095B06 /* AttachmentItemViewModel.swift in Sources */ = {isa = PBXBuildFile; fileRef = 65812C7C8562613D173ECFDA /* AttachmentItemViewModel.swift */; };
		65812D070D525C04FBDF3D00 /* EMRListViewModel.swift in Sources */ = {isa = PBXBuildFile; fileRef = 658123511A6ABA2C469FFF24 /* EMRListViewModel.swift */; };
		65812E5584F0CED1AF92340D /* ConfigListViewModel.swift in Sources */ = {isa = PBXBuildFile; fileRef = 6581232950B8F60BF50EB9CC /* ConfigListViewModel.swift */; };
		65812EFC153AAA95EBA698CD /* SettingsViewModel.swift in Sources */ = {isa = PBXBuildFile; fileRef = 65812A173F6A3384F4A39410 /* SettingsViewModel.swift */; };
		65812EFD11EADA161D950841 /* EMRFlow.swift in Sources */ = {isa = PBXBuildFile; fileRef = 65812F3E9948E42699B11680 /* EMRFlow.swift */; };
		65812FDC5B2043BA08E0412E /* MainFlow.swift in Sources */ = {isa = PBXBuildFile; fileRef = 65812505C54DD01C4175F3C2 /* MainFlow.swift */; };
		65812FF1B5F4742E7BC8B5EB /* EMRTableViewCell.swift in Sources */ = {isa = PBXBuildFile; fileRef = 6581290AA6D74A2B3499CDA0 /* EMRTableViewCell.swift */; };
		B6F0D4815E83B59810950BB4 /* MOB_RenEMRLine.swift in Sources */ = {isa = PBXBuildFile; fileRef = B6F0DC3FB38222F238489B51 /* MOB_RenEMRLine.swift */; };
		B6F0D5D6F4D9D4FB59A313C8 /* MOB_ModDateTimes.swift in Sources */ = {isa = PBXBuildFile; fileRef = B6F0D97F85D9073882906B56 /* MOB_ModDateTimes.swift */; };
		B6F0D767BDA16B8FE65415F7 /* RenWorkerWarehouseDAO.swift in Sources */ = {isa = PBXBuildFile; fileRef = B6F0DC10743B61028C9866C7 /* RenWorkerWarehouseDAO.swift */; };
		B6F0D867BC7AB111B975C994 /* RenEMRLine.swift in Sources */ = {isa = PBXBuildFile; fileRef = B6F0DA402B39E85A6AAABC72 /* RenEMRLine.swift */; };
		B6F0D94956AB3BF9BF1BD249 /* ModDateTimesDAO.swift in Sources */ = {isa = PBXBuildFile; fileRef = B6F0DD8E6228CF2247467032 /* ModDateTimesDAO.swift */; };
		B6F0D9D1D9EC0F3DFE07E3D7 /* RenReplacementReasonDAO.swift in Sources */ = {isa = PBXBuildFile; fileRef = B6F0D0F4BC95CD2FA9DE802D /* RenReplacementReasonDAO.swift */; };
		B6F0D9F680E001E4C25CD1D9 /* RenEMRLineDAO.swift in Sources */ = {isa = PBXBuildFile; fileRef = B6F0D4A3979621BF63835788 /* RenEMRLineDAO.swift */; };
		B6F0DA7D0C6311E0FAC9BBA9 /* MOB_RenReplacementReason.swift in Sources */ = {isa = PBXBuildFile; fileRef = B6F0DB18C3653FEDD6A1A916 /* MOB_RenReplacementReason.swift */; };
		B6F0DA8E31069A7DA5C4867B /* RenEMRTableDAO.swift in Sources */ = {isa = PBXBuildFile; fileRef = B6F0D6B3D49B51362D8AD768 /* RenEMRTableDAO.swift */; };
		B6F0DAE722331DD32E4BA07D /* ModDateTimes.swift in Sources */ = {isa = PBXBuildFile; fileRef = B6F0DC466C74B45A627A2F5B /* ModDateTimes.swift */; };
		B6F0DB43FFA1166A4EE57EC2 /* MOB_RenWorkerWarehouse.swift in Sources */ = {isa = PBXBuildFile; fileRef = B6F0DBCD0AD0F45F1DE4AA8E /* MOB_RenWorkerWarehouse.swift */; };
		B6F0DBFFF702FAB3D8904590 /* RenEMRTable.swift in Sources */ = {isa = PBXBuildFile; fileRef = B6F0D2132764FB0C39604784 /* RenEMRTable.swift */; };
		B6F0DEB549CCBF2882B0D374 /* RenWorkerWarehouse.swift in Sources */ = {isa = PBXBuildFile; fileRef = B6F0D246370AD3DAD7C12905 /* RenWorkerWarehouse.swift */; };
		B6F0DF984DDB9AEB19FFFA09 /* MOB_RenEMRTable.swift in Sources */ = {isa = PBXBuildFile; fileRef = B6F0D96D6EDFE9F837BA69D3 /* MOB_RenEMRTable.swift */; };
		B6F0DFC919ACAFA91E1D0218 /* RenReplacementReason.swift in Sources */ = {isa = PBXBuildFile; fileRef = B6F0DC43042E987C3B0EC234 /* RenReplacementReason.swift */; };
/* End PBXBuildFile section */

/* Begin PBXFileReference section */
		0B1097BF21DE29AF00147836 /* Assets.xcassets */ = {isa = PBXFileReference; lastKnownFileType = folder.assetcatalog; path = Assets.xcassets; sourceTree = "<group>"; };
		0B21B4F821E344C200AD4570 /* ManualScanViewController.swift */ = {isa = PBXFileReference; lastKnownFileType = sourcecode.swift; path = ManualScanViewController.swift; sourceTree = "<group>"; };
		0B21B4FA21E3483E00AD4570 /* ConfigListViewController.swift */ = {isa = PBXFileReference; lastKnownFileType = sourcecode.swift; path = ConfigListViewController.swift; sourceTree = "<group>"; };
		0B21B4FC21E35DCD00AD4570 /* ReplaceAttachmentViewController.swift */ = {isa = PBXFileReference; lastKnownFileType = sourcecode.swift; path = ReplaceAttachmentViewController.swift; sourceTree = "<group>"; };
		0B21B4FE21E35E0000AD4570 /* AttachmentListViewController.swift */ = {isa = PBXFileReference; lastKnownFileType = sourcecode.swift; path = AttachmentListViewController.swift; sourceTree = "<group>"; };
		0B27B33C21E36A650014B90A /* AddPhotoViewController.swift */ = {isa = PBXFileReference; lastKnownFileType = sourcecode.swift; path = AddPhotoViewController.swift; sourceTree = "<group>"; };
		0B39275C21EC984E00EABC70 /* AttachmentModel.swift */ = {isa = PBXFileReference; lastKnownFileType = sourcecode.swift; path = AttachmentModel.swift; sourceTree = "<group>"; };
		0B64F73421C264130024EC18 /* Rental.app */ = {isa = PBXFileReference; explicitFileType = wrapper.application; includeInIndex = 0; path = Rental.app; sourceTree = BUILT_PRODUCTS_DIR; };
		0B64F73721C264130024EC18 /* AppDelegate.swift */ = {isa = PBXFileReference; lastKnownFileType = sourcecode.swift; path = AppDelegate.swift; sourceTree = "<group>"; };
		0B64F73C21C264130024EC18 /* Base */ = {isa = PBXFileReference; lastKnownFileType = file.storyboard; name = Base; path = Base.lproj/Main.storyboard; sourceTree = "<group>"; };
		0B64F74121C264140024EC18 /* Base */ = {isa = PBXFileReference; lastKnownFileType = file.storyboard; name = Base; path = Base.lproj/LaunchScreen.storyboard; sourceTree = "<group>"; };
		0B64F74321C264140024EC18 /* Info.plist */ = {isa = PBXFileReference; lastKnownFileType = text.plist.xml; path = Info.plist; sourceTree = "<group>"; };
		0B64F76521C287530024EC18 /* LoginViewController.swift */ = {isa = PBXFileReference; lastKnownFileType = sourcecode.swift; path = LoginViewController.swift; sourceTree = "<group>"; };
		0B73E18E21DFF12F00C26BF0 /* EMRLineModel.swift */ = {isa = PBXFileReference; lastKnownFileType = sourcecode.swift; path = EMRLineModel.swift; sourceTree = "<group>"; };
		0B73E19121DFFA2600C26BF0 /* EMRLineViewController.swift */ = {isa = PBXFileReference; lastKnownFileType = sourcecode.swift; path = EMRLineViewController.swift; sourceTree = "<group>"; };
		0BAD45F721E3982D00465282 /* MenuListViewController.swift */ = {isa = PBXFileReference; lastKnownFileType = sourcecode.swift; path = MenuListViewController.swift; sourceTree = "<group>"; };
		0BF8289021DF9AF30039156E /* SettingsViewController.swift */ = {isa = PBXFileReference; lastKnownFileType = sourcecode.swift; path = SettingsViewController.swift; sourceTree = "<group>"; };
		0BF8289221DFB2210039156E /* EMRListViewController.swift */ = {isa = PBXFileReference; lastKnownFileType = sourcecode.swift; path = EMRListViewController.swift; sourceTree = "<group>"; };
		34F746E421F0F70A00ABBA1B /* NAXT_Mobile_Data_Entity_Framework.framework */ = {isa = PBXFileReference; explicitFileType = wrapper.framework; path = NAXT_Mobile_Data_Entity_Framework.framework; sourceTree = BUILT_PRODUCTS_DIR; };
		5C631833CC38EF775D8690EB /* Pods-Rental.debug.xcconfig */ = {isa = PBXFileReference; includeInIndex = 1; lastKnownFileType = text.xcconfig; name = "Pods-Rental.debug.xcconfig"; path = "Pods/Target Support Files/Pods-Rental/Pods-Rental.debug.xcconfig"; sourceTree = "<group>"; };
		658122E2977C5A65E75868CB /* LoginViewModel.swift */ = {isa = PBXFileReference; fileEncoding = 4; lastKnownFileType = sourcecode.swift; path = LoginViewModel.swift; sourceTree = "<group>"; };
		65812325CFF6545D60E3B4C3 /* Steps.swift */ = {isa = PBXFileReference; fileEncoding = 4; lastKnownFileType = sourcecode.swift; path = Steps.swift; sourceTree = "<group>"; };
		6581232950B8F60BF50EB9CC /* ConfigListViewModel.swift */ = {isa = PBXFileReference; fileEncoding = 4; lastKnownFileType = sourcecode.swift; path = ConfigListViewModel.swift; sourceTree = "<group>"; };
		658123511A6ABA2C469FFF24 /* EMRListViewModel.swift */ = {isa = PBXFileReference; fileEncoding = 4; lastKnownFileType = sourcecode.swift; path = EMRListViewModel.swift; sourceTree = "<group>"; };
		6581249BE687ED691ED8D632 /* AttachmentListViewModel.swift */ = {isa = PBXFileReference; fileEncoding = 4; lastKnownFileType = sourcecode.swift; path = AttachmentListViewModel.swift; sourceTree = "<group>"; };
		65812505C54DD01C4175F3C2 /* MainFlow.swift */ = {isa = PBXFileReference; fileEncoding = 4; lastKnownFileType = sourcecode.swift; path = MainFlow.swift; sourceTree = "<group>"; };
		658127DF3EA38A9091D2A3BD /* EMRItemViewModel.swift */ = {isa = PBXFileReference; fileEncoding = 4; lastKnownFileType = sourcecode.swift; path = EMRItemViewModel.swift; sourceTree = "<group>"; };
		6581288C9125565A66835597 /* ManualScanViewModel.swift */ = {isa = PBXFileReference; fileEncoding = 4; lastKnownFileType = sourcecode.swift; path = ManualScanViewModel.swift; sourceTree = "<group>"; };
		658128D4F2C1C9AEAC43A3A7 /* ConfigItemViewModel.swift */ = {isa = PBXFileReference; fileEncoding = 4; lastKnownFileType = sourcecode.swift; path = ConfigItemViewModel.swift; sourceTree = "<group>"; };
		658128D755181CD0267D85F3 /* AttachmentTableViewCell.swift */ = {isa = PBXFileReference; fileEncoding = 4; lastKnownFileType = sourcecode.swift; path = AttachmentTableViewCell.swift; sourceTree = "<group>"; };
		6581290AA6D74A2B3499CDA0 /* EMRTableViewCell.swift */ = {isa = PBXFileReference; fileEncoding = 4; lastKnownFileType = sourcecode.swift; path = EMRTableViewCell.swift; sourceTree = "<group>"; };
		6581290AEC89788BBBAA3E44 /* ConfigTableViewCell.swift */ = {isa = PBXFileReference; fileEncoding = 4; lastKnownFileType = sourcecode.swift; path = ConfigTableViewCell.swift; sourceTree = "<group>"; };
		658129DEDF61A4387FF0A569 /* MenuItemViewModel.swift */ = {isa = PBXFileReference; fileEncoding = 4; lastKnownFileType = sourcecode.swift; path = MenuItemViewModel.swift; sourceTree = "<group>"; };
		65812A173F6A3384F4A39410 /* SettingsViewModel.swift */ = {isa = PBXFileReference; fileEncoding = 4; lastKnownFileType = sourcecode.swift; path = SettingsViewModel.swift; sourceTree = "<group>"; };
		65812A5F4490E3542A787905 /* MenuListViewModel.swift */ = {isa = PBXFileReference; fileEncoding = 4; lastKnownFileType = sourcecode.swift; path = MenuListViewModel.swift; sourceTree = "<group>"; };
		65812A921CA61546D80399FB /* AddPhotoViewModel.swift */ = {isa = PBXFileReference; fileEncoding = 4; lastKnownFileType = sourcecode.swift; path = AddPhotoViewModel.swift; sourceTree = "<group>"; };
		65812AFA854095F871580881 /* ReplaceAttachmentViewModel.swift */ = {isa = PBXFileReference; fileEncoding = 4; lastKnownFileType = sourcecode.swift; path = ReplaceAttachmentViewModel.swift; sourceTree = "<group>"; };
		65812C7C8562613D173ECFDA /* AttachmentItemViewModel.swift */ = {isa = PBXFileReference; fileEncoding = 4; lastKnownFileType = sourcecode.swift; path = AttachmentItemViewModel.swift; sourceTree = "<group>"; };
		65812C7D78DFF49EA8495327 /* EMRLineViewModel.swift */ = {isa = PBXFileReference; fileEncoding = 4; lastKnownFileType = sourcecode.swift; path = EMRLineViewModel.swift; sourceTree = "<group>"; };
		65812D7779152187BCE29157 /* ConfigModel.swift */ = {isa = PBXFileReference; fileEncoding = 4; lastKnownFileType = sourcecode.swift; path = ConfigModel.swift; sourceTree = "<group>"; };
		65812DACE1AEFB1A0C259824 /* MenuTableViewCell.swift */ = {isa = PBXFileReference; fileEncoding = 4; lastKnownFileType = sourcecode.swift; path = MenuTableViewCell.swift; sourceTree = "<group>"; };
		65812DE397750B665CE404E9 /* MenuModel.swift */ = {isa = PBXFileReference; fileEncoding = 4; lastKnownFileType = sourcecode.swift; path = MenuModel.swift; sourceTree = "<group>"; };
		65812F3E9948E42699B11680 /* EMRFlow.swift */ = {isa = PBXFileReference; fileEncoding = 4; lastKnownFileType = sourcecode.swift; path = EMRFlow.swift; sourceTree = "<group>"; };
		73E042DB4CE28B6520145FDA /* Pods_Rental.framework */ = {isa = PBXFileReference; explicitFileType = wrapper.framework; includeInIndex = 0; path = Pods_Rental.framework; sourceTree = BUILT_PRODUCTS_DIR; };
		7A9F778AD33BBA6210060770 /* Pods-Rental.release.xcconfig */ = {isa = PBXFileReference; includeInIndex = 1; lastKnownFileType = text.xcconfig; name = "Pods-Rental.release.xcconfig"; path = "Pods/Target Support Files/Pods-Rental/Pods-Rental.release.xcconfig"; sourceTree = "<group>"; };
		B6F0D0F4BC95CD2FA9DE802D /* RenReplacementReasonDAO.swift */ = {isa = PBXFileReference; fileEncoding = 4; lastKnownFileType = sourcecode.swift; path = RenReplacementReasonDAO.swift; sourceTree = "<group>"; };
		B6F0D2132764FB0C39604784 /* RenEMRTable.swift */ = {isa = PBXFileReference; fileEncoding = 4; lastKnownFileType = sourcecode.swift; path = RenEMRTable.swift; sourceTree = "<group>"; };
		B6F0D246370AD3DAD7C12905 /* RenWorkerWarehouse.swift */ = {isa = PBXFileReference; fileEncoding = 4; lastKnownFileType = sourcecode.swift; path = RenWorkerWarehouse.swift; sourceTree = "<group>"; };
		B6F0D4A3979621BF63835788 /* RenEMRLineDAO.swift */ = {isa = PBXFileReference; fileEncoding = 4; lastKnownFileType = sourcecode.swift; path = RenEMRLineDAO.swift; sourceTree = "<group>"; };
		B6F0D6B3D49B51362D8AD768 /* RenEMRTableDAO.swift */ = {isa = PBXFileReference; fileEncoding = 4; lastKnownFileType = sourcecode.swift; path = RenEMRTableDAO.swift; sourceTree = "<group>"; };
		B6F0D96D6EDFE9F837BA69D3 /* MOB_RenEMRTable.swift */ = {isa = PBXFileReference; fileEncoding = 4; lastKnownFileType = sourcecode.swift; path = MOB_RenEMRTable.swift; sourceTree = "<group>"; };
		B6F0D97F85D9073882906B56 /* MOB_ModDateTimes.swift */ = {isa = PBXFileReference; fileEncoding = 4; lastKnownFileType = sourcecode.swift; path = MOB_ModDateTimes.swift; sourceTree = "<group>"; };
		B6F0DA402B39E85A6AAABC72 /* RenEMRLine.swift */ = {isa = PBXFileReference; fileEncoding = 4; lastKnownFileType = sourcecode.swift; path = RenEMRLine.swift; sourceTree = "<group>"; };
		B6F0DB18C3653FEDD6A1A916 /* MOB_RenReplacementReason.swift */ = {isa = PBXFileReference; fileEncoding = 4; lastKnownFileType = sourcecode.swift; path = MOB_RenReplacementReason.swift; sourceTree = "<group>"; };
		B6F0DBCD0AD0F45F1DE4AA8E /* MOB_RenWorkerWarehouse.swift */ = {isa = PBXFileReference; fileEncoding = 4; lastKnownFileType = sourcecode.swift; path = MOB_RenWorkerWarehouse.swift; sourceTree = "<group>"; };
		B6F0DC10743B61028C9866C7 /* RenWorkerWarehouseDAO.swift */ = {isa = PBXFileReference; fileEncoding = 4; lastKnownFileType = sourcecode.swift; path = RenWorkerWarehouseDAO.swift; sourceTree = "<group>"; };
		B6F0DC3FB38222F238489B51 /* MOB_RenEMRLine.swift */ = {isa = PBXFileReference; fileEncoding = 4; lastKnownFileType = sourcecode.swift; path = MOB_RenEMRLine.swift; sourceTree = "<group>"; };
		B6F0DC43042E987C3B0EC234 /* RenReplacementReason.swift */ = {isa = PBXFileReference; fileEncoding = 4; lastKnownFileType = sourcecode.swift; path = RenReplacementReason.swift; sourceTree = "<group>"; };
		B6F0DC466C74B45A627A2F5B /* ModDateTimes.swift */ = {isa = PBXFileReference; fileEncoding = 4; lastKnownFileType = sourcecode.swift; path = ModDateTimes.swift; sourceTree = "<group>"; };
		B6F0DD8E6228CF2247467032 /* ModDateTimesDAO.swift */ = {isa = PBXFileReference; fileEncoding = 4; lastKnownFileType = sourcecode.swift; path = ModDateTimesDAO.swift; sourceTree = "<group>"; };
/* End PBXFileReference section */

/* Begin PBXFrameworksBuildPhase section */
		0B64F73121C264130024EC18 /* Frameworks */ = {
			isa = PBXFrameworksBuildPhase;
			buildActionMask = 2147483647;
			files = (
				30467982DA9E4BDE8B6F381F /* Pods_Rental.framework in Frameworks */,
			);
			runOnlyForDeploymentPostprocessing = 0;
		};
/* End PBXFrameworksBuildPhase section */

/* Begin PBXGroup section */
		0B1773B221E76ED900DE618B /* Views */ = {
			isa = PBXGroup;
			children = (
				0B64F76521C287530024EC18 /* LoginViewController.swift */,
				0BF8289021DF9AF30039156E /* SettingsViewController.swift */,
				0BF8289221DFB2210039156E /* EMRListViewController.swift */,
				0B73E19121DFFA2600C26BF0 /* EMRLineViewController.swift */,
				0B21B4F821E344C200AD4570 /* ManualScanViewController.swift */,
				0B21B4FA21E3483E00AD4570 /* ConfigListViewController.swift */,
				0B21B4FC21E35DCD00AD4570 /* ReplaceAttachmentViewController.swift */,
				0B21B4FE21E35E0000AD4570 /* AttachmentListViewController.swift */,
				0B27B33C21E36A650014B90A /* AddPhotoViewController.swift */,
				0BAD45F721E3982D00465282 /* MenuListViewController.swift */,
				65812C283C66044B50E7CC6E /* Abstracts */,
				65812F2085B5E233BB5C459E /* Protocols */,
				6581240F0847B20A76F48309 /* CellViews */,
			);
			path = Views;
			sourceTree = "<group>";
		};
		0B64F72B21C264130024EC18 = {
			isa = PBXGroup;
			children = (
				0B64F73621C264130024EC18 /* Rental */,
				0B64F73521C264130024EC18 /* Products */,
				27C785AC84A2655E1761C39B /* Pods */,
				F1869FDD0EF47CE851BD0A02 /* Frameworks */,
			);
			sourceTree = "<group>";
		};
		0B64F73521C264130024EC18 /* Products */ = {
			isa = PBXGroup;
			children = (
				0B64F73421C264130024EC18 /* Rental.app */,
			);
			name = Products;
			sourceTree = "<group>";
		};
		0B64F73621C264130024EC18 /* Rental */ = {
			isa = PBXGroup;
			children = (
				658124E5C256D8075BEF92D6 /* Common */,
				658127A79AF128987DA05D04 /* Flows */,
				0B73E19021DFF13500C26BF0 /* Models */,
				658123DEBF3EE36B24D6AEAA /* ViewModels */,
				0B1773B221E76ED900DE618B /* Views */,
				0B73E18D21DFECDE00C26BF0 /* UI */,
				0B64F73721C264130024EC18 /* AppDelegate.swift */,
				0B64F74321C264140024EC18 /* Info.plist */,
				658127EECC7861C8AD948BA6 /* Services */,
				B6F0DF9D770A3AD10BCCCD25 /* Datasources */,
			);
			path = Rental;
			sourceTree = "<group>";
		};
		0B73E18D21DFECDE00C26BF0 /* UI */ = {
			isa = PBXGroup;
			children = (
				0B1097BF21DE29AF00147836 /* Assets.xcassets */,
				0B64F73B21C264130024EC18 /* Main.storyboard */,
				0B64F74021C264140024EC18 /* LaunchScreen.storyboard */,
				6581266DA4053C45A4689789 /* UIElements */,
			);
			path = UI;
			sourceTree = "<group>";
		};
		0B73E19021DFF13500C26BF0 /* Models */ = {
			isa = PBXGroup;
			children = (
				0B73E18E21DFF12F00C26BF0 /* EMRLineModel.swift */,
				0B39275C21EC984E00EABC70 /* AttachmentModel.swift */,
				65812DE397750B665CE404E9 /* MenuModel.swift */,
				65812D7779152187BCE29157 /* ConfigModel.swift */,
				658122F101E2A6FD3DBBFCCC /* Abstracts */,
				65812D0DFE457EECB91C8E23 /* Protocols */,
			);
			path = Models;
			sourceTree = "<group>";
		};
		27C785AC84A2655E1761C39B /* Pods */ = {
			isa = PBXGroup;
			children = (
				5C631833CC38EF775D8690EB /* Pods-Rental.debug.xcconfig */,
				7A9F778AD33BBA6210060770 /* Pods-Rental.release.xcconfig */,
			);
			name = Pods;
			sourceTree = "<group>";
		};
		6581221D24B74EF4F7DB69B8 /* Protocols */ = {
			isa = PBXGroup;
			children = (
			);
			path = Protocols;
			sourceTree = "<group>";
		};
		658122D4692052A2DFDF2CF7 /* Protocols */ = {
			isa = PBXGroup;
			children = (
			);
			path = Protocols;
			sourceTree = "<group>";
		};
		658122F101E2A6FD3DBBFCCC /* Abstracts */ = {
			isa = PBXGroup;
			children = (
			);
			path = Abstracts;
			sourceTree = "<group>";
		};
		6581239481A6D76E5751F199 /* Protocols */ = {
			isa = PBXGroup;
			children = (
			);
			path = Protocols;
			sourceTree = "<group>";
		};
		658123C72379C268C6D5526E /* Abstracts */ = {
			isa = PBXGroup;
			children = (
			);
			path = Abstracts;
			sourceTree = "<group>";
		};
		658123DEBF3EE36B24D6AEAA /* ViewModels */ = {
			isa = PBXGroup;
			children = (
				65812F297F696EE3973DF8DA /* Abstracts */,
				658122E2977C5A65E75868CB /* LoginViewModel.swift */,
				6581232950B8F60BF50EB9CC /* ConfigListViewModel.swift */,
				65812A5F4490E3542A787905 /* MenuListViewModel.swift */,
				65812A173F6A3384F4A39410 /* SettingsViewModel.swift */,
				658128D4F2C1C9AEAC43A3A7 /* ConfigItemViewModel.swift */,
				658129DEDF61A4387FF0A569 /* MenuItemViewModel.swift */,
				658123511A6ABA2C469FFF24 /* EMRListViewModel.swift */,
				658127DF3EA38A9091D2A3BD /* EMRItemViewModel.swift */,
				65812C7D78DFF49EA8495327 /* EMRLineViewModel.swift */,
				6581288C9125565A66835597 /* ManualScanViewModel.swift */,
				65812A921CA61546D80399FB /* AddPhotoViewModel.swift */,
				65812AFA854095F871580881 /* ReplaceAttachmentViewModel.swift */,
				6581249BE687ED691ED8D632 /* AttachmentListViewModel.swift */,
				65812C7C8562613D173ECFDA /* AttachmentItemViewModel.swift */,
				65812A385B98FD7F6A52421F /* Protocols */,
			);
			path = ViewModels;
			sourceTree = "<group>";
		};
		6581240629C3F2F29F46665A /* Protocols */ = {
			isa = PBXGroup;
			children = (
			);
			path = Protocols;
			sourceTree = "<group>";
		};
		6581240F0847B20A76F48309 /* CellViews */ = {
			isa = PBXGroup;
			children = (
				6581290AA6D74A2B3499CDA0 /* EMRTableViewCell.swift */,
				658128D755181CD0267D85F3 /* AttachmentTableViewCell.swift */,
				6581290AEC89788BBBAA3E44 /* ConfigTableViewCell.swift */,
				65812DACE1AEFB1A0C259824 /* MenuTableViewCell.swift */,
				65812C2AE3F50CBBCD67F39B /* Abstracts */,
				6581240629C3F2F29F46665A /* Protocols */,
			);
			path = CellViews;
			sourceTree = "<group>";
		};
		658124E5C256D8075BEF92D6 /* Common */ = {
			isa = PBXGroup;
			children = (
				658127BE219B2CF5B80EA6F5 /* Abstracts */,
				658125D9C2BFDDDF3A435B28 /* Protocols */,
			);
			path = Common;
			sourceTree = "<group>";
		};
		658125D9C2BFDDDF3A435B28 /* Protocols */ = {
			isa = PBXGroup;
			children = (
			);
			path = Protocols;
			sourceTree = "<group>";
		};
		65812603BACA4184704A0753 /* Abstracts */ = {
			isa = PBXGroup;
			children = (
			);
			path = Abstracts;
			sourceTree = "<group>";
		};
		6581266DA4053C45A4689789 /* UIElements */ = {
			isa = PBXGroup;
			children = (
				65812603BACA4184704A0753 /* Abstracts */,
				658122D4692052A2DFDF2CF7 /* Protocols */,
			);
			path = UIElements;
			sourceTree = "<group>";
		};
		65812692803175B3E05C6009 /* Abstracts */ = {
			isa = PBXGroup;
			children = (
			);
			path = Abstracts;
			sourceTree = "<group>";
		};
		658127A79AF128987DA05D04 /* Flows */ = {
			isa = PBXGroup;
			children = (
				65812325CFF6545D60E3B4C3 /* Steps.swift */,
				65812505C54DD01C4175F3C2 /* MainFlow.swift */,
				65812F3E9948E42699B11680 /* EMRFlow.swift */,
				65812692803175B3E05C6009 /* Abstracts */,
				6581221D24B74EF4F7DB69B8 /* Protocols */,
			);
			path = Flows;
			sourceTree = "<group>";
		};
		658127BE219B2CF5B80EA6F5 /* Abstracts */ = {
			isa = PBXGroup;
			children = (
			);
			path = Abstracts;
			sourceTree = "<group>";
		};
		658127EECC7861C8AD948BA6 /* Services */ = {
			isa = PBXGroup;
			children = (
				658123C72379C268C6D5526E /* Abstracts */,
				6581239481A6D76E5751F199 /* Protocols */,
			);
			path = Services;
			sourceTree = "<group>";
		};
		65812A385B98FD7F6A52421F /* Protocols */ = {
			isa = PBXGroup;
			children = (
			);
			path = Protocols;
			sourceTree = "<group>";
		};
		65812C283C66044B50E7CC6E /* Abstracts */ = {
			isa = PBXGroup;
			children = (
			);
			path = Abstracts;
			sourceTree = "<group>";
		};
		65812C2AE3F50CBBCD67F39B /* Abstracts */ = {
			isa = PBXGroup;
			children = (
			);
			path = Abstracts;
			sourceTree = "<group>";
		};
		65812D0DFE457EECB91C8E23 /* Protocols */ = {
			isa = PBXGroup;
			children = (
			);
			path = Protocols;
			sourceTree = "<group>";
		};
		65812F2085B5E233BB5C459E /* Protocols */ = {
			isa = PBXGroup;
			children = (
			);
			path = Protocols;
			sourceTree = "<group>";
		};
		65812F297F696EE3973DF8DA /* Abstracts */ = {
			isa = PBXGroup;
			children = (
			);
			path = Abstracts;
			sourceTree = "<group>";
		};
		B6F0D7E83E1D3B2159539C9E /* DAOs */ = {
			isa = PBXGroup;
			children = (
				B6F0D4A3979621BF63835788 /* RenEMRLineDAO.swift */,
				B6F0D6B3D49B51362D8AD768 /* RenEMRTableDAO.swift */,
				B6F0DD8E6228CF2247467032 /* ModDateTimesDAO.swift */,
				B6F0DC10743B61028C9866C7 /* RenWorkerWarehouseDAO.swift */,
				B6F0D0F4BC95CD2FA9DE802D /* RenReplacementReasonDAO.swift */,
			);
			path = DAOs;
			sourceTree = "<group>";
		};
		B6F0D83A84B02F083D18F902 /* Entities */ = {
			isa = PBXGroup;
			children = (
				B6F0DC3FB38222F238489B51 /* MOB_RenEMRLine.swift */,
				B6F0D96D6EDFE9F837BA69D3 /* MOB_RenEMRTable.swift */,
				B6F0D97F85D9073882906B56 /* MOB_ModDateTimes.swift */,
				B6F0DBCD0AD0F45F1DE4AA8E /* MOB_RenWorkerWarehouse.swift */,
				B6F0DB18C3653FEDD6A1A916 /* MOB_RenReplacementReason.swift */,
			);
			path = Entities;
			sourceTree = "<group>";
		};
		B6F0DC3CF15D5B3644E8C77F /* Models */ = {
			isa = PBXGroup;
			children = (
				B6F0DA402B39E85A6AAABC72 /* RenEMRLine.swift */,
				B6F0D2132764FB0C39604784 /* RenEMRTable.swift */,
				B6F0DC466C74B45A627A2F5B /* ModDateTimes.swift */,
				B6F0D246370AD3DAD7C12905 /* RenWorkerWarehouse.swift */,
				B6F0DC43042E987C3B0EC234 /* RenReplacementReason.swift */,
			);
			path = Models;
			sourceTree = "<group>";
		};
		B6F0DF9D770A3AD10BCCCD25 /* Datasources */ = {
			isa = PBXGroup;
			children = (
				B6F0D7E83E1D3B2159539C9E /* DAOs */,
				B6F0DC3CF15D5B3644E8C77F /* Models */,
				B6F0D83A84B02F083D18F902 /* Entities */,
			);
			path = Datasources;
			sourceTree = "<group>";
		};
		F1869FDD0EF47CE851BD0A02 /* Frameworks */ = {
			isa = PBXGroup;
			children = (
				34F746E421F0F70A00ABBA1B /* NAXT_Mobile_Data_Entity_Framework.framework */,
				73E042DB4CE28B6520145FDA /* Pods_Rental.framework */,
			);
			name = Frameworks;
			sourceTree = "<group>";
		};
/* End PBXGroup section */

/* Begin PBXNativeTarget section */
		0B64F73321C264130024EC18 /* Rental */ = {
			isa = PBXNativeTarget;
			buildConfigurationList = 0B64F75C21C264140024EC18 /* Build configuration list for PBXNativeTarget "Rental" */;
			buildPhases = (
				50B6AF56A8E743B067F89E1B /* [CP] Check Pods Manifest.lock */,
				0B64F73021C264130024EC18 /* Sources */,
				0B64F73121C264130024EC18 /* Frameworks */,
				0B64F73221C264130024EC18 /* Resources */,
				C20706B697B40334F395A93D /* [CP] Embed Pods Frameworks */,
			);
			buildRules = (
			);
			dependencies = (
			);
			name = Rental;
			productName = PreEMRLite_01;
			productReference = 0B64F73421C264130024EC18 /* Rental.app */;
			productType = "com.apple.product-type.application";
		};
/* End PBXNativeTarget section */

/* Begin PBXProject section */
		0B64F72C21C264130024EC18 /* Project object */ = {
			isa = PBXProject;
			attributes = {
				LastSwiftUpdateCheck = 1010;
				LastUpgradeCheck = 1010;
				ORGANIZATIONNAME = "XAPT Kft";
				TargetAttributes = {
					0B64F73321C264130024EC18 = {
						CreatedOnToolsVersion = 10.1;
					};
				};
			};
			buildConfigurationList = 0B64F72F21C264130024EC18 /* Build configuration list for PBXProject "Rental" */;
			compatibilityVersion = "Xcode 9.3";
			developmentRegion = en;
			hasScannedForEncodings = 0;
			knownRegions = (
				en,
				Base,
			);
			mainGroup = 0B64F72B21C264130024EC18;
			productRefGroup = 0B64F73521C264130024EC18 /* Products */;
			projectDirPath = "";
			projectRoot = "";
			targets = (
				0B64F73321C264130024EC18 /* Rental */,
			);
		};
/* End PBXProject section */

/* Begin PBXResourcesBuildPhase section */
		0B64F73221C264130024EC18 /* Resources */ = {
			isa = PBXResourcesBuildPhase;
			buildActionMask = 2147483647;
			files = (
				0B64F74221C264140024EC18 /* LaunchScreen.storyboard in Resources */,
				0B1097C021DE29AF00147836 /* Assets.xcassets in Resources */,
				0B64F73D21C264130024EC18 /* Main.storyboard in Resources */,
			);
			runOnlyForDeploymentPostprocessing = 0;
		};
/* End PBXResourcesBuildPhase section */

/* Begin PBXShellScriptBuildPhase section */
		50B6AF56A8E743B067F89E1B /* [CP] Check Pods Manifest.lock */ = {
			isa = PBXShellScriptBuildPhase;
			buildActionMask = 2147483647;
			files = (
			);
			inputFileListPaths = (
			);
			inputPaths = (
				"${PODS_PODFILE_DIR_PATH}/Podfile.lock",
				"${PODS_ROOT}/Manifest.lock",
			);
			name = "[CP] Check Pods Manifest.lock";
			outputFileListPaths = (
			);
			outputPaths = (
				"$(DERIVED_FILE_DIR)/Pods-Rental-checkManifestLockResult.txt",
			);
			runOnlyForDeploymentPostprocessing = 0;
			shellPath = /bin/sh;
			shellScript = "diff \"${PODS_PODFILE_DIR_PATH}/Podfile.lock\" \"${PODS_ROOT}/Manifest.lock\" > /dev/null\nif [ $? != 0 ] ; then\n    # print error to STDERR\n    echo \"error: The sandbox is not in sync with the Podfile.lock. Run 'pod install' or update your CocoaPods installation.\" >&2\n    exit 1\nfi\n# This output is used by Xcode 'outputs' to avoid re-running this script phase.\necho \"SUCCESS\" > \"${SCRIPT_OUTPUT_FILE_0}\"\n";
			showEnvVarsInLog = 0;
		};
		C20706B697B40334F395A93D /* [CP] Embed Pods Frameworks */ = {
			isa = PBXShellScriptBuildPhase;
			buildActionMask = 2147483647;
			files = (
			);
			inputFileListPaths = (
			);
			inputPaths = (
				"${PODS_ROOT}/Target Support Files/Pods-Rental/Pods-Rental-frameworks.sh",
				"${BUILT_PRODUCTS_DIR}/ActionSheetPicker-3.0/ActionSheetPicker_3_0.framework",
				"${BUILT_PRODUCTS_DIR}/Alamofire/Alamofire.framework",
				"${BUILT_PRODUCTS_DIR}/EVReflection/EVReflection.framework",
				"${BUILT_PRODUCTS_DIR}/MicrosoftAzureMobile-Xapt/MicrosoftAzureMobile_Xapt.framework",
				"${BUILT_PRODUCTS_DIR}/NMDEF.Base/NMDEF_Base.framework",
				"${BUILT_PRODUCTS_DIR}/NMDEF.Sync/NMDEF_Sync.framework",
				"${BUILT_PRODUCTS_DIR}/ReachabilitySwift/Reachability.framework",
				"${BUILT_PRODUCTS_DIR}/Realm/Realm.framework",
				"${BUILT_PRODUCTS_DIR}/RealmSwift/RealmSwift.framework",
				"${BUILT_PRODUCTS_DIR}/Reusable/Reusable.framework",
				"${BUILT_PRODUCTS_DIR}/RxAtomic/RxAtomic.framework",
				"${BUILT_PRODUCTS_DIR}/RxBus/RxBus.framework",
				"${BUILT_PRODUCTS_DIR}/RxCocoa/RxCocoa.framework",
				"${BUILT_PRODUCTS_DIR}/RxFlow/RxFlow.framework",
				"${BUILT_PRODUCTS_DIR}/RxSwift/RxSwift.framework",
				"${BUILT_PRODUCTS_DIR}/RxViewController/RxViewController.framework",
				"${BUILT_PRODUCTS_DIR}/TextImageButton/TextImageButton.framework",
			);
			name = "[CP] Embed Pods Frameworks";
			outputFileListPaths = (
			);
			outputPaths = (
				"${TARGET_BUILD_DIR}/${FRAMEWORKS_FOLDER_PATH}/ActionSheetPicker_3_0.framework",
				"${TARGET_BUILD_DIR}/${FRAMEWORKS_FOLDER_PATH}/Alamofire.framework",
				"${TARGET_BUILD_DIR}/${FRAMEWORKS_FOLDER_PATH}/EVReflection.framework",
				"${TARGET_BUILD_DIR}/${FRAMEWORKS_FOLDER_PATH}/MicrosoftAzureMobile_Xapt.framework",
				"${TARGET_BUILD_DIR}/${FRAMEWORKS_FOLDER_PATH}/NMDEF_Base.framework",
				"${TARGET_BUILD_DIR}/${FRAMEWORKS_FOLDER_PATH}/NMDEF_Sync.framework",
				"${TARGET_BUILD_DIR}/${FRAMEWORKS_FOLDER_PATH}/Reachability.framework",
				"${TARGET_BUILD_DIR}/${FRAMEWORKS_FOLDER_PATH}/Realm.framework",
				"${TARGET_BUILD_DIR}/${FRAMEWORKS_FOLDER_PATH}/RealmSwift.framework",
				"${TARGET_BUILD_DIR}/${FRAMEWORKS_FOLDER_PATH}/Reusable.framework",
				"${TARGET_BUILD_DIR}/${FRAMEWORKS_FOLDER_PATH}/RxAtomic.framework",
				"${TARGET_BUILD_DIR}/${FRAMEWORKS_FOLDER_PATH}/RxBus.framework",
				"${TARGET_BUILD_DIR}/${FRAMEWORKS_FOLDER_PATH}/RxCocoa.framework",
				"${TARGET_BUILD_DIR}/${FRAMEWORKS_FOLDER_PATH}/RxFlow.framework",
				"${TARGET_BUILD_DIR}/${FRAMEWORKS_FOLDER_PATH}/RxSwift.framework",
				"${TARGET_BUILD_DIR}/${FRAMEWORKS_FOLDER_PATH}/RxViewController.framework",
				"${TARGET_BUILD_DIR}/${FRAMEWORKS_FOLDER_PATH}/TextImageButton.framework",
			);
			runOnlyForDeploymentPostprocessing = 0;
			shellPath = /bin/sh;
			shellScript = "\"${PODS_ROOT}/Target Support Files/Pods-Rental/Pods-Rental-frameworks.sh\"\n";
			showEnvVarsInLog = 0;
		};
/* End PBXShellScriptBuildPhase section */

/* Begin PBXSourcesBuildPhase section */
		0B64F73021C264130024EC18 /* Sources */ = {
			isa = PBXSourcesBuildPhase;
			buildActionMask = 2147483647;
			files = (
				34227B9621F381400022E092 /* MenuListViewController.swift in Sources */,
				0B21B4F921E344C200AD4570 /* ManualScanViewController.swift in Sources */,
				0B64F76621C287530024EC18 /* LoginViewController.swift in Sources */,
				0B39275D21EC984E00EABC70 /* AttachmentModel.swift in Sources */,
				0B73E18F21DFF12F00C26BF0 /* EMRLineModel.swift in Sources */,
				0BF8289321DFB2210039156E /* EMRListViewController.swift in Sources */,
				0B21B4FD21E35DCD00AD4570 /* ReplaceAttachmentViewController.swift in Sources */,
				0B27B33D21E36A650014B90A /* AddPhotoViewController.swift in Sources */,
				0B64F73821C264130024EC18 /* AppDelegate.swift in Sources */,
				0B73E19221DFFA2600C26BF0 /* EMRLineViewController.swift in Sources */,
				0BF8289121DF9AF30039156E /* SettingsViewController.swift in Sources */,
				0B21B4FB21E3483E00AD4570 /* ConfigListViewController.swift in Sources */,
				0B21B4FF21E35E0000AD4570 /* AttachmentListViewController.swift in Sources */,
				658122656C036B160D86D872 /* LoginViewModel.swift in Sources */,
				6581237FDF2FE2BCC04BC688 /* Steps.swift in Sources */,
				65812FDC5B2043BA08E0412E /* MainFlow.swift in Sources */,
				65812E5584F0CED1AF92340D /* ConfigListViewModel.swift in Sources */,
				6581275BDB487F150EF62275 /* MenuListViewModel.swift in Sources */,
				65812EFC153AAA95EBA698CD /* SettingsViewModel.swift in Sources */,
				6581263BA9D8FA56650E30C9 /* ConfigItemViewModel.swift in Sources */,
				658122FC8A20FB0E93B9C065 /* MenuItemViewModel.swift in Sources */,
				65812EFD11EADA161D950841 /* EMRFlow.swift in Sources */,
				65812D070D525C04FBDF3D00 /* EMRListViewModel.swift in Sources */,
				6581271B61145CCE3E5EFCFB /* EMRItemViewModel.swift in Sources */,
				65812CFB38323AAC53DF765C /* EMRLineViewModel.swift in Sources */,
				65812923A7B48D1EA5ED01D2 /* ManualScanViewModel.swift in Sources */,
				6581262504F8823C50B9AA4D /* AddPhotoViewModel.swift in Sources */,
				658127D688E8BA79C2D94F1B /* ReplaceAttachmentViewModel.swift in Sources */,
				65812A45933E6515952F14A8 /* AttachmentListViewModel.swift in Sources */,
				65812CFF8478370571095B06 /* AttachmentItemViewModel.swift in Sources */,
				658124A183693C39BB549869 /* MenuModel.swift in Sources */,
				65812ACB88BF8E347EAF5352 /* ConfigModel.swift in Sources */,
				65812FF1B5F4742E7BC8B5EB /* EMRTableViewCell.swift in Sources */,
				6581257BBFC11B51E9858437 /* AttachmentTableViewCell.swift in Sources */,
				658121F38C716434195380BC /* ConfigTableViewCell.swift in Sources */,
				6581204BB60493A13D7B7831 /* MenuTableViewCell.swift in Sources */,
				B6F0D9F680E001E4C25CD1D9 /* RenEMRLineDAO.swift in Sources */,
				B6F0DA8E31069A7DA5C4867B /* RenEMRTableDAO.swift in Sources */,
				B6F0D94956AB3BF9BF1BD249 /* ModDateTimesDAO.swift in Sources */,
				B6F0D767BDA16B8FE65415F7 /* RenWorkerWarehouseDAO.swift in Sources */,
				B6F0D9D1D9EC0F3DFE07E3D7 /* RenReplacementReasonDAO.swift in Sources */,
				B6F0D867BC7AB111B975C994 /* RenEMRLine.swift in Sources */,
				B6F0DBFFF702FAB3D8904590 /* RenEMRTable.swift in Sources */,
				B6F0DAE722331DD32E4BA07D /* ModDateTimes.swift in Sources */,
				B6F0DEB549CCBF2882B0D374 /* RenWorkerWarehouse.swift in Sources */,
				B6F0DFC919ACAFA91E1D0218 /* RenReplacementReason.swift in Sources */,
				B6F0D4815E83B59810950BB4 /* MOB_RenEMRLine.swift in Sources */,
				B6F0DF984DDB9AEB19FFFA09 /* MOB_RenEMRTable.swift in Sources */,
				B6F0D5D6F4D9D4FB59A313C8 /* MOB_ModDateTimes.swift in Sources */,
				B6F0DB43FFA1166A4EE57EC2 /* MOB_RenWorkerWarehouse.swift in Sources */,
				B6F0DA7D0C6311E0FAC9BBA9 /* MOB_RenReplacementReason.swift in Sources */,
			);
			runOnlyForDeploymentPostprocessing = 0;
		};
/* End PBXSourcesBuildPhase section */

/* Begin PBXVariantGroup section */
		0B64F73B21C264130024EC18 /* Main.storyboard */ = {
			isa = PBXVariantGroup;
			children = (
				0B64F73C21C264130024EC18 /* Base */,
			);
			name = Main.storyboard;
			sourceTree = "<group>";
		};
		0B64F74021C264140024EC18 /* LaunchScreen.storyboard */ = {
			isa = PBXVariantGroup;
			children = (
				0B64F74121C264140024EC18 /* Base */,
			);
			name = LaunchScreen.storyboard;
			sourceTree = "<group>";
		};
/* End PBXVariantGroup section */

/* Begin XCBuildConfiguration section */
		0B64F75A21C264140024EC18 /* Debug */ = {
			isa = XCBuildConfiguration;
			buildSettings = {
				ALWAYS_EMBED_SWIFT_STANDARD_LIBRARIES = YES;
				ALWAYS_SEARCH_USER_PATHS = NO;
				CLANG_ANALYZER_NONNULL = YES;
				CLANG_ANALYZER_NUMBER_OBJECT_CONVERSION = YES_AGGRESSIVE;
				CLANG_CXX_LANGUAGE_STANDARD = "gnu++14";
				CLANG_CXX_LIBRARY = "libc++";
				CLANG_ENABLE_MODULES = YES;
				CLANG_ENABLE_OBJC_ARC = YES;
				CLANG_ENABLE_OBJC_WEAK = YES;
				CLANG_WARN_BLOCK_CAPTURE_AUTORELEASING = YES;
				CLANG_WARN_BOOL_CONVERSION = YES;
				CLANG_WARN_COMMA = YES;
				CLANG_WARN_CONSTANT_CONVERSION = YES;
				CLANG_WARN_DEPRECATED_OBJC_IMPLEMENTATIONS = YES;
				CLANG_WARN_DIRECT_OBJC_ISA_USAGE = YES_ERROR;
				CLANG_WARN_DOCUMENTATION_COMMENTS = YES;
				CLANG_WARN_EMPTY_BODY = YES;
				CLANG_WARN_ENUM_CONVERSION = YES;
				CLANG_WARN_INFINITE_RECURSION = YES;
				CLANG_WARN_INT_CONVERSION = YES;
				CLANG_WARN_NON_LITERAL_NULL_CONVERSION = YES;
				CLANG_WARN_OBJC_IMPLICIT_RETAIN_SELF = YES;
				CLANG_WARN_OBJC_LITERAL_CONVERSION = YES;
				CLANG_WARN_OBJC_ROOT_CLASS = YES_ERROR;
				CLANG_WARN_RANGE_LOOP_ANALYSIS = YES;
				CLANG_WARN_STRICT_PROTOTYPES = YES;
				CLANG_WARN_SUSPICIOUS_MOVE = YES;
				CLANG_WARN_UNGUARDED_AVAILABILITY = YES_AGGRESSIVE;
				CLANG_WARN_UNREACHABLE_CODE = YES;
				CLANG_WARN__DUPLICATE_METHOD_MATCH = YES;
				CODE_SIGN_IDENTITY = "iPhone Developer";
				COPY_PHASE_STRIP = NO;
				DEBUG_INFORMATION_FORMAT = dwarf;
				ENABLE_STRICT_OBJC_MSGSEND = YES;
				ENABLE_TESTABILITY = YES;
				GCC_C_LANGUAGE_STANDARD = gnu11;
				GCC_DYNAMIC_NO_PIC = NO;
				GCC_NO_COMMON_BLOCKS = YES;
				GCC_OPTIMIZATION_LEVEL = 0;
				GCC_PREPROCESSOR_DEFINITIONS = (
					"DEBUG=1",
					"$(inherited)",
				);
				GCC_WARN_64_TO_32_BIT_CONVERSION = YES;
				GCC_WARN_ABOUT_RETURN_TYPE = YES_ERROR;
				GCC_WARN_UNDECLARED_SELECTOR = YES;
				GCC_WARN_UNINITIALIZED_AUTOS = YES_AGGRESSIVE;
				GCC_WARN_UNUSED_FUNCTION = YES;
				GCC_WARN_UNUSED_VARIABLE = YES;
				IPHONEOS_DEPLOYMENT_TARGET = 10.3;
				MTL_ENABLE_DEBUG_INFO = INCLUDE_SOURCE;
				MTL_FAST_MATH = YES;
				ONLY_ACTIVE_ARCH = YES;
				SDKROOT = iphoneos;
				SWIFT_ACTIVE_COMPILATION_CONDITIONS = DEBUG;
				SWIFT_OPTIMIZATION_LEVEL = "-Onone";
			};
			name = Debug;
		};
		0B64F75B21C264140024EC18 /* Release */ = {
			isa = XCBuildConfiguration;
			buildSettings = {
				ALWAYS_EMBED_SWIFT_STANDARD_LIBRARIES = YES;
				ALWAYS_SEARCH_USER_PATHS = NO;
				CLANG_ANALYZER_NONNULL = YES;
				CLANG_ANALYZER_NUMBER_OBJECT_CONVERSION = YES_AGGRESSIVE;
				CLANG_CXX_LANGUAGE_STANDARD = "gnu++14";
				CLANG_CXX_LIBRARY = "libc++";
				CLANG_ENABLE_MODULES = YES;
				CLANG_ENABLE_OBJC_ARC = YES;
				CLANG_ENABLE_OBJC_WEAK = YES;
				CLANG_WARN_BLOCK_CAPTURE_AUTORELEASING = YES;
				CLANG_WARN_BOOL_CONVERSION = YES;
				CLANG_WARN_COMMA = YES;
				CLANG_WARN_CONSTANT_CONVERSION = YES;
				CLANG_WARN_DEPRECATED_OBJC_IMPLEMENTATIONS = YES;
				CLANG_WARN_DIRECT_OBJC_ISA_USAGE = YES_ERROR;
				CLANG_WARN_DOCUMENTATION_COMMENTS = YES;
				CLANG_WARN_EMPTY_BODY = YES;
				CLANG_WARN_ENUM_CONVERSION = YES;
				CLANG_WARN_INFINITE_RECURSION = YES;
				CLANG_WARN_INT_CONVERSION = YES;
				CLANG_WARN_NON_LITERAL_NULL_CONVERSION = YES;
				CLANG_WARN_OBJC_IMPLICIT_RETAIN_SELF = YES;
				CLANG_WARN_OBJC_LITERAL_CONVERSION = YES;
				CLANG_WARN_OBJC_ROOT_CLASS = YES_ERROR;
				CLANG_WARN_RANGE_LOOP_ANALYSIS = YES;
				CLANG_WARN_STRICT_PROTOTYPES = YES;
				CLANG_WARN_SUSPICIOUS_MOVE = YES;
				CLANG_WARN_UNGUARDED_AVAILABILITY = YES_AGGRESSIVE;
				CLANG_WARN_UNREACHABLE_CODE = YES;
				CLANG_WARN__DUPLICATE_METHOD_MATCH = YES;
				CODE_SIGN_IDENTITY = "iPhone Developer";
				COPY_PHASE_STRIP = NO;
				DEBUG_INFORMATION_FORMAT = "dwarf-with-dsym";
				ENABLE_NS_ASSERTIONS = NO;
				ENABLE_STRICT_OBJC_MSGSEND = YES;
				GCC_C_LANGUAGE_STANDARD = gnu11;
				GCC_NO_COMMON_BLOCKS = YES;
				GCC_WARN_64_TO_32_BIT_CONVERSION = YES;
				GCC_WARN_ABOUT_RETURN_TYPE = YES_ERROR;
				GCC_WARN_UNDECLARED_SELECTOR = YES;
				GCC_WARN_UNINITIALIZED_AUTOS = YES_AGGRESSIVE;
				GCC_WARN_UNUSED_FUNCTION = YES;
				GCC_WARN_UNUSED_VARIABLE = YES;
				IPHONEOS_DEPLOYMENT_TARGET = 10.3;
				MTL_ENABLE_DEBUG_INFO = NO;
				MTL_FAST_MATH = YES;
				SDKROOT = iphoneos;
				SWIFT_COMPILATION_MODE = wholemodule;
				SWIFT_OPTIMIZATION_LEVEL = "-O";
				VALIDATE_PRODUCT = YES;
			};
			name = Release;
		};
		0B64F75D21C264140024EC18 /* Debug */ = {
			isa = XCBuildConfiguration;
			baseConfigurationReference = 5C631833CC38EF775D8690EB /* Pods-Rental.debug.xcconfig */;
			buildSettings = {
				ASSETCATALOG_COMPILER_APPICON_NAME = AppIcon;
				CODE_SIGN_STYLE = Automatic;
				DEVELOPMENT_TEAM = G335TXYFWW;
				INFOPLIST_FILE = "$(SRCROOT)/Rental/Info.plist";
				LD_RUNPATH_SEARCH_PATHS = (
					"$(inherited)",
					"@executable_path/Frameworks",
				);
				PRODUCT_BUNDLE_IDENTIFIER = com.xapt.rental;
				PRODUCT_NAME = "$(TARGET_NAME)";
				SWIFT_VERSION = 4.2;
				TARGETED_DEVICE_FAMILY = "1,2";
				USER_HEADER_SEARCH_PATHS = "\"${PROJECT_DIR}/../../NMDEF.iOS\"/**";
			};
			name = Debug;
		};
		0B64F75E21C264140024EC18 /* Release */ = {
			isa = XCBuildConfiguration;
			baseConfigurationReference = 7A9F778AD33BBA6210060770 /* Pods-Rental.release.xcconfig */;
			buildSettings = {
				ASSETCATALOG_COMPILER_APPICON_NAME = AppIcon;
				CODE_SIGN_STYLE = Automatic;
				DEVELOPMENT_TEAM = G335TXYFWW;
				INFOPLIST_FILE = "$(SRCROOT)/Rental/Info.plist";
				LD_RUNPATH_SEARCH_PATHS = (
					"$(inherited)",
					"@executable_path/Frameworks",
				);
				PRODUCT_BUNDLE_IDENTIFIER = com.xapt.rental;
				PRODUCT_NAME = "$(TARGET_NAME)";
				SWIFT_VERSION = 4.2;
				TARGETED_DEVICE_FAMILY = "1,2";
				USER_HEADER_SEARCH_PATHS = "\"${PROJECT_DIR}/../../NMDEF.iOS\"/**";
			};
			name = Release;
		};
/* End XCBuildConfiguration section */

/* Begin XCConfigurationList section */
		0B64F72F21C264130024EC18 /* Build configuration list for PBXProject "Rental" */ = {
			isa = XCConfigurationList;
			buildConfigurations = (
				0B64F75A21C264140024EC18 /* Debug */,
				0B64F75B21C264140024EC18 /* Release */,
			);
			defaultConfigurationIsVisible = 0;
			defaultConfigurationName = Release;
		};
		0B64F75C21C264140024EC18 /* Build configuration list for PBXNativeTarget "Rental" */ = {
			isa = XCConfigurationList;
			buildConfigurations = (
				0B64F75D21C264140024EC18 /* Debug */,
				0B64F75E21C264140024EC18 /* Release */,
			);
			defaultConfigurationIsVisible = 0;
			defaultConfigurationName = Release;
		};
/* End XCConfigurationList section */
	};
	rootObject = 0B64F72C21C264130024EC18 /* Project object */;
}
