// !$*UTF8*$!
{
	archiveVersion = 1;
	classes = {
	};
	objectVersion = 50;
	objects = {

/* Begin PBXBuildFile section */
		0B1097C021DE29AF00147836 /* Assets.xcassets in Resources */ = {isa = PBXBuildFile; fileRef = 0B1097BF21DE29AF00147836 /* Assets.xcassets */; };
		0B39275D21EC984E00EABC70 /* AttachmentModel.swift in Sources */ = {isa = PBXBuildFile; fileRef = 0B39275C21EC984E00EABC70 /* AttachmentModel.swift */; };
		0B64F73D21C264130024EC18 /* Main.storyboard in Resources */ = {isa = PBXBuildFile; fileRef = 0B64F73B21C264130024EC18 /* Main.storyboard */; };
		0B64F74221C264140024EC18 /* LaunchScreen.storyboard in Resources */ = {isa = PBXBuildFile; fileRef = 0B64F74021C264140024EC18 /* LaunchScreen.storyboard */; };
		0B73E18F21DFF12F00C26BF0 /* EMRLineModel.swift in Sources */ = {isa = PBXBuildFile; fileRef = 0B73E18E21DFF12F00C26BF0 /* EMRLineModel.swift */; };
		30467982DA9E4BDE8B6F381F /* Pods_Rental.framework in Frameworks */ = {isa = PBXBuildFile; fileRef = 73E042DB4CE28B6520145FDA /* Pods_Rental.framework */; };
		658122656C036B160D86D872 /* LoginViewModel.swift in Sources */ = {isa = PBXBuildFile; fileRef = 658122E2977C5A65E75868CB /* LoginViewModel.swift */; };
		658122FC8A20FB0E93B9C065 /* MenuItemViewModel.swift in Sources */ = {isa = PBXBuildFile; fileRef = 658129DEDF61A4387FF0A569 /* MenuItemViewModel.swift */; };
		6581237FDF2FE2BCC04BC688 /* Steps.swift in Sources */ = {isa = PBXBuildFile; fileRef = 65812325CFF6545D60E3B4C3 /* Steps.swift */; };
		658124A183693C39BB549869 /* MenuModel.swift in Sources */ = {isa = PBXBuildFile; fileRef = 65812DE397750B665CE404E9 /* MenuModel.swift */; };
		6581262504F8823C50B9AA4D /* AddPhotoViewModel.swift in Sources */ = {isa = PBXBuildFile; fileRef = 65812A921CA61546D80399FB /* AddPhotoViewModel.swift */; };
		6581263BA9D8FA56650E30C9 /* ConfigItemViewModel.swift in Sources */ = {isa = PBXBuildFile; fileRef = 658128D4F2C1C9AEAC43A3A7 /* ConfigItemViewModel.swift */; };
		6581271B61145CCE3E5EFCFB /* EMRItemViewModel.swift in Sources */ = {isa = PBXBuildFile; fileRef = 658127DF3EA38A9091D2A3BD /* EMRItemViewModel.swift */; };
		6581275BDB487F150EF62275 /* MenuListViewModel.swift in Sources */ = {isa = PBXBuildFile; fileRef = 65812A5F4490E3542A787905 /* MenuListViewModel.swift */; };
		658127D688E8BA79C2D94F1B /* ReplaceAttachmentViewModel.swift in Sources */ = {isa = PBXBuildFile; fileRef = 65812AFA854095F871580881 /* ReplaceAttachmentViewModel.swift */; };
		65812923A7B48D1EA5ED01D2 /* ManualScanViewModel.swift in Sources */ = {isa = PBXBuildFile; fileRef = 6581288C9125565A66835597 /* ManualScanViewModel.swift */; };
		65812A45933E6515952F14A8 /* AttachmentListViewModel.swift in Sources */ = {isa = PBXBuildFile; fileRef = 6581249BE687ED691ED8D632 /* AttachmentListViewModel.swift */; };
		65812ACB88BF8E347EAF5352 /* ConfigModel.swift in Sources */ = {isa = PBXBuildFile; fileRef = 65812D7779152187BCE29157 /* ConfigModel.swift */; };
		65812CFB38323AAC53DF765C /* EMRLineViewModel.swift in Sources */ = {isa = PBXBuildFile; fileRef = 65812C7D78DFF49EA8495327 /* EMRLineViewModel.swift */; };
		65812CFF8478370571095B06 /* AttachmentItemViewModel.swift in Sources */ = {isa = PBXBuildFile; fileRef = 65812C7C8562613D173ECFDA /* AttachmentItemViewModel.swift */; };
		65812D070D525C04FBDF3D00 /* EMRListViewModel.swift in Sources */ = {isa = PBXBuildFile; fileRef = 658123511A6ABA2C469FFF24 /* EMRListViewModel.swift */; };
		65812E5584F0CED1AF92340D /* ConfigListViewModel.swift in Sources */ = {isa = PBXBuildFile; fileRef = 6581232950B8F60BF50EB9CC /* ConfigListViewModel.swift */; };
		65812EFC153AAA95EBA698CD /* SettingsViewModel.swift in Sources */ = {isa = PBXBuildFile; fileRef = 65812A173F6A3384F4A39410 /* SettingsViewModel.swift */; };
		65812EFD11EADA161D950841 /* EMRFlow.swift in Sources */ = {isa = PBXBuildFile; fileRef = 65812F3E9948E42699B11680 /* EMRFlow.swift */; };
		65812FDC5B2043BA08E0412E /* MainFlow.swift in Sources */ = {isa = PBXBuildFile; fileRef = 65812505C54DD01C4175F3C2 /* MainFlow.swift */; };
		871988982260C54000BE017E /* DamageCodesDAO.swift in Sources */ = {isa = PBXBuildFile; fileRef = 871988962260C54000BE017E /* DamageCodesDAO.swift */; };
		871988992260C54000BE017E /* DamageHistoryDAO.swift in Sources */ = {isa = PBXBuildFile; fileRef = 871988972260C54000BE017E /* DamageHistoryDAO.swift */; };
		871988A62260C69000BE017E /* MOB_RenEMRLinePhoto.swift in Sources */ = {isa = PBXBuildFile; fileRef = 871988A52260C69000BE017E /* MOB_RenEMRLinePhoto.swift */; };
		871988A82260C6B500BE017E /* DamageHandlingViewModel.swift in Sources */ = {isa = PBXBuildFile; fileRef = 871988A72260C6B500BE017E /* DamageHandlingViewModel.swift */; };
		871988AB2260C6E200BE017E /* DamageCodes.swift in Sources */ = {isa = PBXBuildFile; fileRef = 871988A92260C6E200BE017E /* DamageCodes.swift */; };
		871988AC2260C6E200BE017E /* DamageHistory.swift in Sources */ = {isa = PBXBuildFile; fileRef = 871988AA2260C6E200BE017E /* DamageHistory.swift */; };
		871988AF2260C72700BE017E /* MOB_DamageHistory.swift in Sources */ = {isa = PBXBuildFile; fileRef = 871988AD2260C72700BE017E /* MOB_DamageHistory.swift */; };
		871988B02260C72700BE017E /* MOB_DamageCodes.swift in Sources */ = {isa = PBXBuildFile; fileRef = 871988AE2260C72700BE017E /* MOB_DamageCodes.swift */; };
		B6F0D04730B8E617CA62F2FC /* EMRCheckListViewModel.swift in Sources */ = {isa = PBXBuildFile; fileRef = B6F0DE1C03D71D767227CCD9 /* EMRCheckListViewModel.swift */; };
		B6F0D0498DBE335CBD154E91 /* EMRTableViewCell.swift in Sources */ = {isa = PBXBuildFile; fileRef = B6F0DB6521F70B983BE35959 /* EMRTableViewCell.swift */; };
		B6F0D050C0A909CB70456DCB /* RenWorkerWarehouseDAO.swift in Sources */ = {isa = PBXBuildFile; fileRef = B6F0DDAE07EDD48AEF44B100 /* RenWorkerWarehouseDAO.swift */; };
		B6F0D0557F29A70EB678E5F9 /* RenEMRArrivalDAO.swift in Sources */ = {isa = PBXBuildFile; fileRef = B6F0D4DE458DC97FF2F91E9E /* RenEMRArrivalDAO.swift */; };
		B6F0D05D2184A1BDE82335E8 /* WorkerInvLocationsDAO.swift in Sources */ = {isa = PBXBuildFile; fileRef = B6F0DBDDE25B1DD715020EE0 /* WorkerInvLocationsDAO.swift */; };
		B6F0D060D2B25B5A57A6B58C /* MenuTableViewCell.swift in Sources */ = {isa = PBXBuildFile; fileRef = B6F0DB64B9E4564B230BA3BC /* MenuTableViewCell.swift */; };
		B6F0D06504EFEFD5CF4AA3C6 /* MOB_EquipmentBarCode.swift in Sources */ = {isa = PBXBuildFile; fileRef = B6F0D6EEB763AA062B30B85C /* MOB_EquipmentBarCode.swift */; };
		B6F0D0E58437C233C8DBF8FE /* MOB_RenEMRLineExtension.swift in Sources */ = {isa = PBXBuildFile; fileRef = B6F0D9B4A708622C242A2AE4 /* MOB_RenEMRLineExtension.swift */; };
		B6F0D1832CFED7B568CDF71E /* RenEMRLineDAO.swift in Sources */ = {isa = PBXBuildFile; fileRef = B6F0DB1C0502486D0DA347BE /* RenEMRLineDAO.swift */; };
		B6F0D3AF97EC8E940EC951C7 /* ConfigTableViewCell.swift in Sources */ = {isa = PBXBuildFile; fileRef = B6F0D17F49E1B763ECCD75F5 /* ConfigTableViewCell.swift */; };
		B6F0D465C546FA6E7A6E4431 /* BarcodeScanService.swift in Sources */ = {isa = PBXBuildFile; fileRef = B6F0D52DC1B5ACD3A2EEB569 /* BarcodeScanService.swift */; };
		B6F0D4796FBB5643CED8BDAE /* RenInspectionChecklistHistoryDAO.swift in Sources */ = {isa = PBXBuildFile; fileRef = B6F0DFB368B97C6F67D0ED21 /* RenInspectionChecklistHistoryDAO.swift */; };
		B6F0D4815E83B59810950BB4 /* MOB_RenEMRLine.swift in Sources */ = {isa = PBXBuildFile; fileRef = B6F0DC3FB38222F238489B51 /* MOB_RenEMRLine.swift */; };
		B6F0D4A021682DE8E69DC741 /* EMRCheckListItemViewModel.swift in Sources */ = {isa = PBXBuildFile; fileRef = B6F0DB3ECB0CE9A5BF3DBFBB /* EMRCheckListItemViewModel.swift */; };
		B6F0D51E673ACC5755ECDFB8 /* MOB_RenInspectionChecklistHistory.swift in Sources */ = {isa = PBXBuildFile; fileRef = B6F0D7CFC489DF446915595C /* MOB_RenInspectionChecklistHistory.swift */; };
		B6F0D54B5CB2604DA0C0CF14 /* ManualScanViewController.swift in Sources */ = {isa = PBXBuildFile; fileRef = B6F0DE88621669957F5199F9 /* ManualScanViewController.swift */; };
		B6F0D57388A2420C0938A314 /* ModDateTimesDAO.swift in Sources */ = {isa = PBXBuildFile; fileRef = B6F0DA5CF85323B35D73603F /* ModDateTimesDAO.swift */; };
		B6F0D5A56C0D022B038B7D02 /* AppDelegate.swift in Sources */ = {isa = PBXBuildFile; fileRef = B6F0D993537A5CBAB593AC64 /* AppDelegate.swift */; };
		B6F0D5B21546CB59E9AC4975 /* EMRListViewController.swift in Sources */ = {isa = PBXBuildFile; fileRef = B6F0D4BEBE9E352F5C0314C6 /* EMRListViewController.swift */; };
		B6F0D5D6F4D9D4FB59A313C8 /* MOB_ModDateTimes.swift in Sources */ = {isa = PBXBuildFile; fileRef = B6F0D97F85D9073882906B56 /* MOB_ModDateTimes.swift */; };
		B6F0D5E6EB5B85969211B6A1 /* RenParameters.swift in Sources */ = {isa = PBXBuildFile; fileRef = B6F0DE334EA85E3DCCDBF848 /* RenParameters.swift */; };
		B6F0D72D7D8500EC750A92F8 /* RenParametersDAO.swift in Sources */ = {isa = PBXBuildFile; fileRef = B6F0D1321DFA64B89A41B096 /* RenParametersDAO.swift */; };
		B6F0D72E95C17FDA626BDA12 /* SettingsViewController.swift in Sources */ = {isa = PBXBuildFile; fileRef = B6F0D2D57CDA343CDD33A5F4 /* SettingsViewController.swift */; };
		B6F0D75C1E393F87DF8AAC89 /* LoginViewController.swift in Sources */ = {isa = PBXBuildFile; fileRef = B6F0D58B8109CD2E7DE76544 /* LoginViewController.swift */; };
		B6F0D79B08D6B7B9E329CF05 /* EMRLineViewController.swift in Sources */ = {isa = PBXBuildFile; fileRef = B6F0DB566E3BB47A6561B8D0 /* EMRLineViewController.swift */; };
		B6F0D79F98E340296475405C /* AttachmentListViewController.swift in Sources */ = {isa = PBXBuildFile; fileRef = B6F0D9F9AA7899206F1F3CC7 /* AttachmentListViewController.swift */; };
		B6F0D867BC7AB111B975C994 /* RenEMRLine.swift in Sources */ = {isa = PBXBuildFile; fileRef = B6F0DA402B39E85A6AAABC72 /* RenEMRLine.swift */; };
		B6F0D86CFE4D466B5881B69F /* AddPhotoViewController.swift in Sources */ = {isa = PBXBuildFile; fileRef = B6F0D6DCDBD19A3D84ECF619 /* AddPhotoViewController.swift */; };
		B6F0D8718364E62782C5BAE7 /* RentalApi.swift in Sources */ = {isa = PBXBuildFile; fileRef = B6F0DF2547D2D44253F53B29 /* RentalApi.swift */; };
		B6F0D888707311A40726BDB0 /* MOB_WorkerInvLocations.swift in Sources */ = {isa = PBXBuildFile; fileRef = B6F0DE56DF271582379E8CDB /* MOB_WorkerInvLocations.swift */; };
		B6F0D88FA5226DD3217577D7 /* MOB_RenParameters.swift in Sources */ = {isa = PBXBuildFile; fileRef = B6F0D9092F51DCA52B0C5420 /* MOB_RenParameters.swift */; };
		B6F0D8BDB05CC6B8D3FDC1F2 /* MOB_RenEMRArrival.swift in Sources */ = {isa = PBXBuildFile; fileRef = B6F0D5C3B0629D8F8AEA0FCA /* MOB_RenEMRArrival.swift */; };
		B6F0D99C41883F8A470191B7 /* MenuListViewController.swift in Sources */ = {isa = PBXBuildFile; fileRef = B6F0D9F030548395270C8E40 /* MenuListViewController.swift */; };
		B6F0D99F2BF7E789EA8857B9 /* DamageHandlingViewController.swift in Sources */ = {isa = PBXBuildFile; fileRef = B6F0DA74A686A14B6F7F86CD /* DamageHandlingViewController.swift */; };
		B6F0DA56970F6704968403ED /* BarcodeScan.swift in Sources */ = {isa = PBXBuildFile; fileRef = B6F0DC157DBDCDA2A026E1C6 /* BarcodeScan.swift */; };
		B6F0DA7D0C6311E0FAC9BBA9 /* MOB_RenReplacementReason.swift in Sources */ = {isa = PBXBuildFile; fileRef = B6F0DB18C3653FEDD6A1A916 /* MOB_RenReplacementReason.swift */; };
		B6F0DAE722331DD32E4BA07D /* ModDateTimes.swift in Sources */ = {isa = PBXBuildFile; fileRef = B6F0DC466C74B45A627A2F5B /* ModDateTimes.swift */; };
		B6F0DB11464F8DA52E675593 /* EMRFormItemViewModel.swift in Sources */ = {isa = PBXBuildFile; fileRef = B6F0D57D5FCA1953B142A7CA /* EMRFormItemViewModel.swift */; };
		B6F0DB39A53EA39A67BE4451 /* RenEMRLineInsertHandler.swift in Sources */ = {isa = PBXBuildFile; fileRef = B6F0DE1B8DFF69A05D5D3609 /* RenEMRLineInsertHandler.swift */; };
		B6F0DB43FFA1166A4EE57EC2 /* MOB_RenWorkerWarehouse.swift in Sources */ = {isa = PBXBuildFile; fileRef = B6F0DBCD0AD0F45F1DE4AA8E /* MOB_RenWorkerWarehouse.swift */; };
		B6F0DB5A2C71423CFC4D3830 /* EMRCheckListViewController.swift in Sources */ = {isa = PBXBuildFile; fileRef = B6F0DD8754B3FC79F020EFF1 /* EMRCheckListViewController.swift */; };
		B6F0DB61306686EFB042C2BF /* RenEMRArrival.swift in Sources */ = {isa = PBXBuildFile; fileRef = B6F0D5A8F31F3F7426925097 /* RenEMRArrival.swift */; };
		B6F0DB9B9352B27EF0805BA4 /* BarcodeScannerViewModel.swift in Sources */ = {isa = PBXBuildFile; fileRef = B6F0D1830DDB5E91EB6BDA23 /* BarcodeScannerViewModel.swift */; };
		B6F0DBCBAB25AA23B8A9E58B /* EMRFormViewModel.swift in Sources */ = {isa = PBXBuildFile; fileRef = B6F0DDC2AC01D8CDBE3220CB /* EMRFormViewModel.swift */; };
		B6F0DBD51166EA7F3AEF8660 /* RentalSettings.swift in Sources */ = {isa = PBXBuildFile; fileRef = B6F0DEBA445F8D565C76CE54 /* RentalSettings.swift */; };
		B6F0DBE43FC743B73E310144 /* RenReplacementReasonDAO.swift in Sources */ = {isa = PBXBuildFile; fileRef = B6F0D9C98969F16B7A2192ED /* RenReplacementReasonDAO.swift */; };
		B6F0DBFFF702FAB3D8904590 /* RenEMRTable.swift in Sources */ = {isa = PBXBuildFile; fileRef = B6F0D2132764FB0C39604784 /* RenEMRTable.swift */; };
		B6F0DCFACC651735264E201D /* RenEMRTableDAO.swift in Sources */ = {isa = PBXBuildFile; fileRef = B6F0D66B85CC4F1148D9D19C /* RenEMRTableDAO.swift */; };
		B6F0DD2CB3BBBCCEC65FFD77 /* AttachmentTableViewCell.swift in Sources */ = {isa = PBXBuildFile; fileRef = B6F0D8F5CC9249B4AD854E21 /* AttachmentTableViewCell.swift */; };
		B6F0DD82D763B9D86D07597B /* ConfigListViewController.swift in Sources */ = {isa = PBXBuildFile; fileRef = B6F0D71C0B07CCBB8C50356C /* ConfigListViewController.swift */; };
		B6F0DE23A34BB5158B9D9BA7 /* RentalApiService.swift in Sources */ = {isa = PBXBuildFile; fileRef = B6F0D79AFE6E6C3B678D5426 /* RentalApiService.swift */; };
		B6F0DE269F074C38CFF2A0AE /* WorkerInvLocations.swift in Sources */ = {isa = PBXBuildFile; fileRef = B6F0D086981AC5F638AD615E /* WorkerInvLocations.swift */; };
		B6F0DE36FFD0E7953A278018 /* BarcodeScannerView.swift in Sources */ = {isa = PBXBuildFile; fileRef = B6F0DCCF55EE7B749801B8C0 /* BarcodeScannerView.swift */; };
		B6F0DEB549CCBF2882B0D374 /* RenWorkerWarehouse.swift in Sources */ = {isa = PBXBuildFile; fileRef = B6F0D246370AD3DAD7C12905 /* RenWorkerWarehouse.swift */; };
		B6F0DF21845085F6F1E2FC8B /* ReplaceAttachmentViewController.swift in Sources */ = {isa = PBXBuildFile; fileRef = B6F0DAD06BA30FD0E14127D2 /* ReplaceAttachmentViewController.swift */; };
		B6F0DF984DDB9AEB19FFFA09 /* MOB_RenEMRTable.swift in Sources */ = {isa = PBXBuildFile; fileRef = B6F0D96D6EDFE9F837BA69D3 /* MOB_RenEMRTable.swift */; };
		B6F0DFC919ACAFA91E1D0218 /* RenReplacementReason.swift in Sources */ = {isa = PBXBuildFile; fileRef = B6F0DC43042E987C3B0EC234 /* RenReplacementReason.swift */; };
		B6F0DFCA8250F11A7613C615 /* EMRFormViewController.swift in Sources */ = {isa = PBXBuildFile; fileRef = B6F0D3659FCF4013888FD93B /* EMRFormViewController.swift */; };
		B6F0DFF156335FE1C9D899CC /* EMRCheckListTableViewCell.swift in Sources */ = {isa = PBXBuildFile; fileRef = B6F0DC3EBBE176AB05EAB76B /* EMRCheckListTableViewCell.swift */; };
/* End PBXBuildFile section */

/* Begin PBXFileReference section */
		0B1097BF21DE29AF00147836 /* Assets.xcassets */ = {isa = PBXFileReference; lastKnownFileType = folder.assetcatalog; path = Assets.xcassets; sourceTree = "<group>"; };
		0B39275C21EC984E00EABC70 /* AttachmentModel.swift */ = {isa = PBXFileReference; lastKnownFileType = sourcecode.swift; path = AttachmentModel.swift; sourceTree = "<group>"; };
		0B64F73421C264130024EC18 /* Rental.app */ = {isa = PBXFileReference; explicitFileType = wrapper.application; includeInIndex = 0; path = Rental.app; sourceTree = BUILT_PRODUCTS_DIR; };
		0B64F73C21C264130024EC18 /* Base */ = {isa = PBXFileReference; lastKnownFileType = file.storyboard; name = Base; path = Base.lproj/Main.storyboard; sourceTree = "<group>"; };
		0B64F74121C264140024EC18 /* Base */ = {isa = PBXFileReference; lastKnownFileType = file.storyboard; name = Base; path = Base.lproj/LaunchScreen.storyboard; sourceTree = "<group>"; };
		0B64F74321C264140024EC18 /* Info.plist */ = {isa = PBXFileReference; lastKnownFileType = text.plist.xml; path = Info.plist; sourceTree = "<group>"; };
		0B73E18E21DFF12F00C26BF0 /* EMRLineModel.swift */ = {isa = PBXFileReference; lastKnownFileType = sourcecode.swift; path = EMRLineModel.swift; sourceTree = "<group>"; };
		34F746E421F0F70A00ABBA1B /* NAXT_Mobile_Data_Entity_Framework.framework */ = {isa = PBXFileReference; explicitFileType = wrapper.framework; path = NAXT_Mobile_Data_Entity_Framework.framework; sourceTree = BUILT_PRODUCTS_DIR; };
		5C631833CC38EF775D8690EB /* Pods-Rental.debug.xcconfig */ = {isa = PBXFileReference; includeInIndex = 1; lastKnownFileType = text.xcconfig; name = "Pods-Rental.debug.xcconfig"; path = "Pods/Target Support Files/Pods-Rental/Pods-Rental.debug.xcconfig"; sourceTree = "<group>"; };
		658122E2977C5A65E75868CB /* LoginViewModel.swift */ = {isa = PBXFileReference; fileEncoding = 4; lastKnownFileType = sourcecode.swift; path = LoginViewModel.swift; sourceTree = "<group>"; };
		65812325CFF6545D60E3B4C3 /* Steps.swift */ = {isa = PBXFileReference; fileEncoding = 4; lastKnownFileType = sourcecode.swift; path = Steps.swift; sourceTree = "<group>"; };
		6581232950B8F60BF50EB9CC /* ConfigListViewModel.swift */ = {isa = PBXFileReference; fileEncoding = 4; lastKnownFileType = sourcecode.swift; path = ConfigListViewModel.swift; sourceTree = "<group>"; };
		658123511A6ABA2C469FFF24 /* EMRListViewModel.swift */ = {isa = PBXFileReference; fileEncoding = 4; lastKnownFileType = sourcecode.swift; path = EMRListViewModel.swift; sourceTree = "<group>"; };
		6581249BE687ED691ED8D632 /* AttachmentListViewModel.swift */ = {isa = PBXFileReference; fileEncoding = 4; lastKnownFileType = sourcecode.swift; path = AttachmentListViewModel.swift; sourceTree = "<group>"; };
		65812505C54DD01C4175F3C2 /* MainFlow.swift */ = {isa = PBXFileReference; fileEncoding = 4; lastKnownFileType = sourcecode.swift; path = MainFlow.swift; sourceTree = "<group>"; };
		658127DF3EA38A9091D2A3BD /* EMRItemViewModel.swift */ = {isa = PBXFileReference; fileEncoding = 4; lastKnownFileType = sourcecode.swift; path = EMRItemViewModel.swift; sourceTree = "<group>"; };
		6581288C9125565A66835597 /* ManualScanViewModel.swift */ = {isa = PBXFileReference; fileEncoding = 4; lastKnownFileType = sourcecode.swift; path = ManualScanViewModel.swift; sourceTree = "<group>"; };
		658128D4F2C1C9AEAC43A3A7 /* ConfigItemViewModel.swift */ = {isa = PBXFileReference; fileEncoding = 4; lastKnownFileType = sourcecode.swift; path = ConfigItemViewModel.swift; sourceTree = "<group>"; };
		658129DEDF61A4387FF0A569 /* MenuItemViewModel.swift */ = {isa = PBXFileReference; fileEncoding = 4; lastKnownFileType = sourcecode.swift; path = MenuItemViewModel.swift; sourceTree = "<group>"; };
		65812A173F6A3384F4A39410 /* SettingsViewModel.swift */ = {isa = PBXFileReference; fileEncoding = 4; lastKnownFileType = sourcecode.swift; path = SettingsViewModel.swift; sourceTree = "<group>"; };
		65812A5F4490E3542A787905 /* MenuListViewModel.swift */ = {isa = PBXFileReference; fileEncoding = 4; lastKnownFileType = sourcecode.swift; path = MenuListViewModel.swift; sourceTree = "<group>"; };
		65812A921CA61546D80399FB /* AddPhotoViewModel.swift */ = {isa = PBXFileReference; fileEncoding = 4; lastKnownFileType = sourcecode.swift; path = AddPhotoViewModel.swift; sourceTree = "<group>"; };
		65812AFA854095F871580881 /* ReplaceAttachmentViewModel.swift */ = {isa = PBXFileReference; fileEncoding = 4; lastKnownFileType = sourcecode.swift; path = ReplaceAttachmentViewModel.swift; sourceTree = "<group>"; };
		65812C7C8562613D173ECFDA /* AttachmentItemViewModel.swift */ = {isa = PBXFileReference; fileEncoding = 4; lastKnownFileType = sourcecode.swift; path = AttachmentItemViewModel.swift; sourceTree = "<group>"; };
		65812C7D78DFF49EA8495327 /* EMRLineViewModel.swift */ = {isa = PBXFileReference; fileEncoding = 4; lastKnownFileType = sourcecode.swift; path = EMRLineViewModel.swift; sourceTree = "<group>"; };
		65812D7779152187BCE29157 /* ConfigModel.swift */ = {isa = PBXFileReference; fileEncoding = 4; lastKnownFileType = sourcecode.swift; path = ConfigModel.swift; sourceTree = "<group>"; };
		65812DE397750B665CE404E9 /* MenuModel.swift */ = {isa = PBXFileReference; fileEncoding = 4; lastKnownFileType = sourcecode.swift; path = MenuModel.swift; sourceTree = "<group>"; };
		65812F3E9948E42699B11680 /* EMRFlow.swift */ = {isa = PBXFileReference; fileEncoding = 4; lastKnownFileType = sourcecode.swift; path = EMRFlow.swift; sourceTree = "<group>"; };
		73E042DB4CE28B6520145FDA /* Pods_Rental.framework */ = {isa = PBXFileReference; explicitFileType = wrapper.framework; includeInIndex = 0; path = Pods_Rental.framework; sourceTree = BUILT_PRODUCTS_DIR; };
		7A9F778AD33BBA6210060770 /* Pods-Rental.release.xcconfig */ = {isa = PBXFileReference; includeInIndex = 1; lastKnownFileType = text.xcconfig; name = "Pods-Rental.release.xcconfig"; path = "Pods/Target Support Files/Pods-Rental/Pods-Rental.release.xcconfig"; sourceTree = "<group>"; };
		871988962260C54000BE017E /* DamageCodesDAO.swift */ = {isa = PBXFileReference; fileEncoding = 4; lastKnownFileType = sourcecode.swift; path = DamageCodesDAO.swift; sourceTree = "<group>"; };
		871988972260C54000BE017E /* DamageHistoryDAO.swift */ = {isa = PBXFileReference; fileEncoding = 4; lastKnownFileType = sourcecode.swift; path = DamageHistoryDAO.swift; sourceTree = "<group>"; };
		871988A52260C69000BE017E /* MOB_RenEMRLinePhoto.swift */ = {isa = PBXFileReference; fileEncoding = 4; lastKnownFileType = sourcecode.swift; path = MOB_RenEMRLinePhoto.swift; sourceTree = "<group>"; };
		871988A72260C6B500BE017E /* DamageHandlingViewModel.swift */ = {isa = PBXFileReference; fileEncoding = 4; lastKnownFileType = sourcecode.swift; path = DamageHandlingViewModel.swift; sourceTree = "<group>"; };
		871988A92260C6E200BE017E /* DamageCodes.swift */ = {isa = PBXFileReference; fileEncoding = 4; lastKnownFileType = sourcecode.swift; path = DamageCodes.swift; sourceTree = "<group>"; };
		871988AA2260C6E200BE017E /* DamageHistory.swift */ = {isa = PBXFileReference; fileEncoding = 4; lastKnownFileType = sourcecode.swift; path = DamageHistory.swift; sourceTree = "<group>"; };
		871988AD2260C72700BE017E /* MOB_DamageHistory.swift */ = {isa = PBXFileReference; fileEncoding = 4; lastKnownFileType = sourcecode.swift; path = MOB_DamageHistory.swift; sourceTree = "<group>"; };
		871988AE2260C72700BE017E /* MOB_DamageCodes.swift */ = {isa = PBXFileReference; fileEncoding = 4; lastKnownFileType = sourcecode.swift; path = MOB_DamageCodes.swift; sourceTree = "<group>"; };
		B6F0D086981AC5F638AD615E /* WorkerInvLocations.swift */ = {isa = PBXFileReference; fileEncoding = 4; lastKnownFileType = sourcecode.swift; path = WorkerInvLocations.swift; sourceTree = "<group>"; };
		B6F0D1321DFA64B89A41B096 /* RenParametersDAO.swift */ = {isa = PBXFileReference; fileEncoding = 4; lastKnownFileType = sourcecode.swift; path = RenParametersDAO.swift; sourceTree = "<group>"; };
		B6F0D17F49E1B763ECCD75F5 /* ConfigTableViewCell.swift */ = {isa = PBXFileReference; fileEncoding = 4; lastKnownFileType = sourcecode.swift; path = ConfigTableViewCell.swift; sourceTree = "<group>"; };
		B6F0D1830DDB5E91EB6BDA23 /* BarcodeScannerViewModel.swift */ = {isa = PBXFileReference; fileEncoding = 4; lastKnownFileType = sourcecode.swift; path = BarcodeScannerViewModel.swift; sourceTree = "<group>"; };
		B6F0D2132764FB0C39604784 /* RenEMRTable.swift */ = {isa = PBXFileReference; fileEncoding = 4; lastKnownFileType = sourcecode.swift; path = RenEMRTable.swift; sourceTree = "<group>"; };
		B6F0D246370AD3DAD7C12905 /* RenWorkerWarehouse.swift */ = {isa = PBXFileReference; fileEncoding = 4; lastKnownFileType = sourcecode.swift; path = RenWorkerWarehouse.swift; sourceTree = "<group>"; };
		B6F0D2D57CDA343CDD33A5F4 /* SettingsViewController.swift */ = {isa = PBXFileReference; fileEncoding = 4; lastKnownFileType = sourcecode.swift; path = SettingsViewController.swift; sourceTree = "<group>"; };
		B6F0D3659FCF4013888FD93B /* EMRFormViewController.swift */ = {isa = PBXFileReference; fileEncoding = 4; lastKnownFileType = sourcecode.swift; path = EMRFormViewController.swift; sourceTree = "<group>"; };
		B6F0D4BEBE9E352F5C0314C6 /* EMRListViewController.swift */ = {isa = PBXFileReference; fileEncoding = 4; lastKnownFileType = sourcecode.swift; path = EMRListViewController.swift; sourceTree = "<group>"; };
		B6F0D4DE458DC97FF2F91E9E /* RenEMRArrivalDAO.swift */ = {isa = PBXFileReference; fileEncoding = 4; lastKnownFileType = sourcecode.swift; path = RenEMRArrivalDAO.swift; sourceTree = "<group>"; };
		B6F0D52DC1B5ACD3A2EEB569 /* BarcodeScanService.swift */ = {isa = PBXFileReference; fileEncoding = 4; lastKnownFileType = sourcecode.swift; path = BarcodeScanService.swift; sourceTree = "<group>"; };
		B6F0D57D5FCA1953B142A7CA /* EMRFormItemViewModel.swift */ = {isa = PBXFileReference; fileEncoding = 4; lastKnownFileType = sourcecode.swift; path = EMRFormItemViewModel.swift; sourceTree = "<group>"; };
		B6F0D58B8109CD2E7DE76544 /* LoginViewController.swift */ = {isa = PBXFileReference; fileEncoding = 4; lastKnownFileType = sourcecode.swift; path = LoginViewController.swift; sourceTree = "<group>"; };
		B6F0D5A8F31F3F7426925097 /* RenEMRArrival.swift */ = {isa = PBXFileReference; fileEncoding = 4; lastKnownFileType = sourcecode.swift; path = RenEMRArrival.swift; sourceTree = "<group>"; };
		B6F0D5C3B0629D8F8AEA0FCA /* MOB_RenEMRArrival.swift */ = {isa = PBXFileReference; fileEncoding = 4; lastKnownFileType = sourcecode.swift; path = MOB_RenEMRArrival.swift; sourceTree = "<group>"; };
		B6F0D66B85CC4F1148D9D19C /* RenEMRTableDAO.swift */ = {isa = PBXFileReference; fileEncoding = 4; lastKnownFileType = sourcecode.swift; path = RenEMRTableDAO.swift; sourceTree = "<group>"; };
		B6F0D6DCDBD19A3D84ECF619 /* AddPhotoViewController.swift */ = {isa = PBXFileReference; fileEncoding = 4; lastKnownFileType = sourcecode.swift; path = AddPhotoViewController.swift; sourceTree = "<group>"; };
		B6F0D6EEB763AA062B30B85C /* MOB_EquipmentBarCode.swift */ = {isa = PBXFileReference; fileEncoding = 4; lastKnownFileType = sourcecode.swift; path = MOB_EquipmentBarCode.swift; sourceTree = "<group>"; };
		B6F0D71C0B07CCBB8C50356C /* ConfigListViewController.swift */ = {isa = PBXFileReference; fileEncoding = 4; lastKnownFileType = sourcecode.swift; path = ConfigListViewController.swift; sourceTree = "<group>"; };
		B6F0D79AFE6E6C3B678D5426 /* RentalApiService.swift */ = {isa = PBXFileReference; fileEncoding = 4; lastKnownFileType = sourcecode.swift; path = RentalApiService.swift; sourceTree = "<group>"; };
		B6F0D7CFC489DF446915595C /* MOB_RenInspectionChecklistHistory.swift */ = {isa = PBXFileReference; fileEncoding = 4; lastKnownFileType = sourcecode.swift; path = MOB_RenInspectionChecklistHistory.swift; sourceTree = "<group>"; };
		B6F0D8F5CC9249B4AD854E21 /* AttachmentTableViewCell.swift */ = {isa = PBXFileReference; fileEncoding = 4; lastKnownFileType = sourcecode.swift; path = AttachmentTableViewCell.swift; sourceTree = "<group>"; };
		B6F0D9092F51DCA52B0C5420 /* MOB_RenParameters.swift */ = {isa = PBXFileReference; fileEncoding = 4; lastKnownFileType = sourcecode.swift; path = MOB_RenParameters.swift; sourceTree = "<group>"; };
		B6F0D96D6EDFE9F837BA69D3 /* MOB_RenEMRTable.swift */ = {isa = PBXFileReference; fileEncoding = 4; lastKnownFileType = sourcecode.swift; path = MOB_RenEMRTable.swift; sourceTree = "<group>"; };
		B6F0D97F85D9073882906B56 /* MOB_ModDateTimes.swift */ = {isa = PBXFileReference; fileEncoding = 4; lastKnownFileType = sourcecode.swift; path = MOB_ModDateTimes.swift; sourceTree = "<group>"; };
		B6F0D993537A5CBAB593AC64 /* AppDelegate.swift */ = {isa = PBXFileReference; fileEncoding = 4; lastKnownFileType = sourcecode.swift; path = AppDelegate.swift; sourceTree = "<group>"; };
		B6F0D9B4A708622C242A2AE4 /* MOB_RenEMRLineExtension.swift */ = {isa = PBXFileReference; fileEncoding = 4; lastKnownFileType = sourcecode.swift; path = MOB_RenEMRLineExtension.swift; sourceTree = "<group>"; };
		B6F0D9C98969F16B7A2192ED /* RenReplacementReasonDAO.swift */ = {isa = PBXFileReference; fileEncoding = 4; lastKnownFileType = sourcecode.swift; path = RenReplacementReasonDAO.swift; sourceTree = "<group>"; };
		B6F0D9F030548395270C8E40 /* MenuListViewController.swift */ = {isa = PBXFileReference; fileEncoding = 4; lastKnownFileType = sourcecode.swift; path = MenuListViewController.swift; sourceTree = "<group>"; };
		B6F0D9F9AA7899206F1F3CC7 /* AttachmentListViewController.swift */ = {isa = PBXFileReference; fileEncoding = 4; lastKnownFileType = sourcecode.swift; path = AttachmentListViewController.swift; sourceTree = "<group>"; };
		B6F0DA402B39E85A6AAABC72 /* RenEMRLine.swift */ = {isa = PBXFileReference; fileEncoding = 4; lastKnownFileType = sourcecode.swift; path = RenEMRLine.swift; sourceTree = "<group>"; };
		B6F0DA5CF85323B35D73603F /* ModDateTimesDAO.swift */ = {isa = PBXFileReference; fileEncoding = 4; lastKnownFileType = sourcecode.swift; path = ModDateTimesDAO.swift; sourceTree = "<group>"; };
		B6F0DA74A686A14B6F7F86CD /* DamageHandlingViewController.swift */ = {isa = PBXFileReference; fileEncoding = 4; lastKnownFileType = sourcecode.swift; path = DamageHandlingViewController.swift; sourceTree = "<group>"; };
		B6F0DAD06BA30FD0E14127D2 /* ReplaceAttachmentViewController.swift */ = {isa = PBXFileReference; fileEncoding = 4; lastKnownFileType = sourcecode.swift; path = ReplaceAttachmentViewController.swift; sourceTree = "<group>"; };
		B6F0DB18C3653FEDD6A1A916 /* MOB_RenReplacementReason.swift */ = {isa = PBXFileReference; fileEncoding = 4; lastKnownFileType = sourcecode.swift; path = MOB_RenReplacementReason.swift; sourceTree = "<group>"; };
		B6F0DB1C0502486D0DA347BE /* RenEMRLineDAO.swift */ = {isa = PBXFileReference; fileEncoding = 4; lastKnownFileType = sourcecode.swift; path = RenEMRLineDAO.swift; sourceTree = "<group>"; };
		B6F0DB3ECB0CE9A5BF3DBFBB /* EMRCheckListItemViewModel.swift */ = {isa = PBXFileReference; fileEncoding = 4; lastKnownFileType = sourcecode.swift; path = EMRCheckListItemViewModel.swift; sourceTree = "<group>"; };
		B6F0DB566E3BB47A6561B8D0 /* EMRLineViewController.swift */ = {isa = PBXFileReference; fileEncoding = 4; lastKnownFileType = sourcecode.swift; path = EMRLineViewController.swift; sourceTree = "<group>"; };
		B6F0DB64B9E4564B230BA3BC /* MenuTableViewCell.swift */ = {isa = PBXFileReference; fileEncoding = 4; lastKnownFileType = sourcecode.swift; path = MenuTableViewCell.swift; sourceTree = "<group>"; };
		B6F0DB6521F70B983BE35959 /* EMRTableViewCell.swift */ = {isa = PBXFileReference; fileEncoding = 4; lastKnownFileType = sourcecode.swift; path = EMRTableViewCell.swift; sourceTree = "<group>"; };
		B6F0DBCD0AD0F45F1DE4AA8E /* MOB_RenWorkerWarehouse.swift */ = {isa = PBXFileReference; fileEncoding = 4; lastKnownFileType = sourcecode.swift; path = MOB_RenWorkerWarehouse.swift; sourceTree = "<group>"; };
		B6F0DBDDE25B1DD715020EE0 /* WorkerInvLocationsDAO.swift */ = {isa = PBXFileReference; fileEncoding = 4; lastKnownFileType = sourcecode.swift; path = WorkerInvLocationsDAO.swift; sourceTree = "<group>"; };
		B6F0DC157DBDCDA2A026E1C6 /* BarcodeScan.swift */ = {isa = PBXFileReference; fileEncoding = 4; lastKnownFileType = sourcecode.swift; path = BarcodeScan.swift; sourceTree = "<group>"; };
		B6F0DC3EBBE176AB05EAB76B /* EMRCheckListTableViewCell.swift */ = {isa = PBXFileReference; fileEncoding = 4; lastKnownFileType = sourcecode.swift; path = EMRCheckListTableViewCell.swift; sourceTree = "<group>"; };
		B6F0DC3FB38222F238489B51 /* MOB_RenEMRLine.swift */ = {isa = PBXFileReference; fileEncoding = 4; lastKnownFileType = sourcecode.swift; path = MOB_RenEMRLine.swift; sourceTree = "<group>"; };
		B6F0DC43042E987C3B0EC234 /* RenReplacementReason.swift */ = {isa = PBXFileReference; fileEncoding = 4; lastKnownFileType = sourcecode.swift; path = RenReplacementReason.swift; sourceTree = "<group>"; };
		B6F0DC466C74B45A627A2F5B /* ModDateTimes.swift */ = {isa = PBXFileReference; fileEncoding = 4; lastKnownFileType = sourcecode.swift; path = ModDateTimes.swift; sourceTree = "<group>"; };
		B6F0DCCF55EE7B749801B8C0 /* BarcodeScannerView.swift */ = {isa = PBXFileReference; fileEncoding = 4; lastKnownFileType = sourcecode.swift; path = BarcodeScannerView.swift; sourceTree = "<group>"; };
		B6F0DD8754B3FC79F020EFF1 /* EMRCheckListViewController.swift */ = {isa = PBXFileReference; fileEncoding = 4; lastKnownFileType = sourcecode.swift; path = EMRCheckListViewController.swift; sourceTree = "<group>"; };
		B6F0DDAE07EDD48AEF44B100 /* RenWorkerWarehouseDAO.swift */ = {isa = PBXFileReference; fileEncoding = 4; lastKnownFileType = sourcecode.swift; path = RenWorkerWarehouseDAO.swift; sourceTree = "<group>"; };
		B6F0DDC2AC01D8CDBE3220CB /* EMRFormViewModel.swift */ = {isa = PBXFileReference; fileEncoding = 4; lastKnownFileType = sourcecode.swift; path = EMRFormViewModel.swift; sourceTree = "<group>"; };
		B6F0DE1B8DFF69A05D5D3609 /* RenEMRLineInsertHandler.swift */ = {isa = PBXFileReference; fileEncoding = 4; lastKnownFileType = sourcecode.swift; path = RenEMRLineInsertHandler.swift; sourceTree = "<group>"; };
		B6F0DE1C03D71D767227CCD9 /* EMRCheckListViewModel.swift */ = {isa = PBXFileReference; fileEncoding = 4; lastKnownFileType = sourcecode.swift; path = EMRCheckListViewModel.swift; sourceTree = "<group>"; };
		B6F0DE334EA85E3DCCDBF848 /* RenParameters.swift */ = {isa = PBXFileReference; fileEncoding = 4; lastKnownFileType = sourcecode.swift; path = RenParameters.swift; sourceTree = "<group>"; };
		B6F0DE56DF271582379E8CDB /* MOB_WorkerInvLocations.swift */ = {isa = PBXFileReference; fileEncoding = 4; lastKnownFileType = sourcecode.swift; path = MOB_WorkerInvLocations.swift; sourceTree = "<group>"; };
		B6F0DE88621669957F5199F9 /* ManualScanViewController.swift */ = {isa = PBXFileReference; fileEncoding = 4; lastKnownFileType = sourcecode.swift; path = ManualScanViewController.swift; sourceTree = "<group>"; };
		B6F0DEBA445F8D565C76CE54 /* RentalSettings.swift */ = {isa = PBXFileReference; fileEncoding = 4; lastKnownFileType = sourcecode.swift; path = RentalSettings.swift; sourceTree = "<group>"; };
		B6F0DF2547D2D44253F53B29 /* RentalApi.swift */ = {isa = PBXFileReference; fileEncoding = 4; lastKnownFileType = sourcecode.swift; path = RentalApi.swift; sourceTree = "<group>"; };
		B6F0DFB368B97C6F67D0ED21 /* RenInspectionChecklistHistoryDAO.swift */ = {isa = PBXFileReference; fileEncoding = 4; lastKnownFileType = sourcecode.swift; path = RenInspectionChecklistHistoryDAO.swift; sourceTree = "<group>"; };
/* End PBXFileReference section */

/* Begin PBXFrameworksBuildPhase section */
		0B64F73121C264130024EC18 /* Frameworks */ = {
			isa = PBXFrameworksBuildPhase;
			buildActionMask = 2147483647;
			files = (
				30467982DA9E4BDE8B6F381F /* Pods_Rental.framework in Frameworks */,
			);
			runOnlyForDeploymentPostprocessing = 0;
		};
/* End PBXFrameworksBuildPhase section */

/* Begin PBXGroup section */
		0B64F72B21C264130024EC18 = {
			isa = PBXGroup;
			children = (
				0B64F73621C264130024EC18 /* Rental */,
				0B64F73521C264130024EC18 /* Products */,
				27C785AC84A2655E1761C39B /* Pods */,
				F1869FDD0EF47CE851BD0A02 /* Frameworks */,
			);
			sourceTree = "<group>";
		};
		0B64F73521C264130024EC18 /* Products */ = {
			isa = PBXGroup;
			children = (
				0B64F73421C264130024EC18 /* Rental.app */,
			);
			name = Products;
			sourceTree = "<group>";
		};
		0B64F73621C264130024EC18 /* Rental */ = {
			isa = PBXGroup;
			children = (
				658124E5C256D8075BEF92D6 /* Common */,
				658127A79AF128987DA05D04 /* Flows */,
				0B73E19021DFF13500C26BF0 /* Models */,
				658123DEBF3EE36B24D6AEAA /* ViewModels */,
				0B73E18D21DFECDE00C26BF0 /* UI */,
				0B64F74321C264140024EC18 /* Info.plist */,
				B6F0DF9D770A3AD10BCCCD25 /* Datasources */,
				B6F0DEBA445F8D565C76CE54 /* RentalSettings.swift */,
				B6F0D993537A5CBAB593AC64 /* AppDelegate.swift */,
				B6F0D8C5305C756B95DD4ACC /* Services */,
				B6F0DF93BD67EE1D8E737FE1 /* SyncHandlers */,
				B6F0DF31A3E651F4FCBCF938 /* Views */,
			);
			path = Rental;
			sourceTree = "<group>";
		};
		0B73E18D21DFECDE00C26BF0 /* UI */ = {
			isa = PBXGroup;
			children = (
				0B1097BF21DE29AF00147836 /* Assets.xcassets */,
				0B64F73B21C264130024EC18 /* Main.storyboard */,
				0B64F74021C264140024EC18 /* LaunchScreen.storyboard */,
				6581266DA4053C45A4689789 /* UIElements */,
			);
			path = UI;
			sourceTree = "<group>";
		};
		0B73E19021DFF13500C26BF0 /* Models */ = {
			isa = PBXGroup;
			children = (
				0B73E18E21DFF12F00C26BF0 /* EMRLineModel.swift */,
				0B39275C21EC984E00EABC70 /* AttachmentModel.swift */,
				65812DE397750B665CE404E9 /* MenuModel.swift */,
				65812D7779152187BCE29157 /* ConfigModel.swift */,
				658122F101E2A6FD3DBBFCCC /* Abstracts */,
				65812D0DFE457EECB91C8E23 /* Protocols */,
			);
			path = Models;
			sourceTree = "<group>";
		};
		27C785AC84A2655E1761C39B /* Pods */ = {
			isa = PBXGroup;
			children = (
				5C631833CC38EF775D8690EB /* Pods-Rental.debug.xcconfig */,
				7A9F778AD33BBA6210060770 /* Pods-Rental.release.xcconfig */,
			);
			name = Pods;
			sourceTree = "<group>";
		};
		6581221D24B74EF4F7DB69B8 /* Protocols */ = {
			isa = PBXGroup;
			children = (
			);
			path = Protocols;
			sourceTree = "<group>";
		};
		658122D4692052A2DFDF2CF7 /* Protocols */ = {
			isa = PBXGroup;
			children = (
			);
			path = Protocols;
			sourceTree = "<group>";
		};
		658122F101E2A6FD3DBBFCCC /* Abstracts */ = {
			isa = PBXGroup;
			children = (
			);
			path = Abstracts;
			sourceTree = "<group>";
		};
		658123DEBF3EE36B24D6AEAA /* ViewModels */ = {
			isa = PBXGroup;
			children = (
				871988A72260C6B500BE017E /* DamageHandlingViewModel.swift */,
				65812F297F696EE3973DF8DA /* Abstracts */,
				658122E2977C5A65E75868CB /* LoginViewModel.swift */,
				6581232950B8F60BF50EB9CC /* ConfigListViewModel.swift */,
				65812A5F4490E3542A787905 /* MenuListViewModel.swift */,
				65812A173F6A3384F4A39410 /* SettingsViewModel.swift */,
				658128D4F2C1C9AEAC43A3A7 /* ConfigItemViewModel.swift */,
				658129DEDF61A4387FF0A569 /* MenuItemViewModel.swift */,
				658123511A6ABA2C469FFF24 /* EMRListViewModel.swift */,
				658127DF3EA38A9091D2A3BD /* EMRItemViewModel.swift */,
				65812C7D78DFF49EA8495327 /* EMRLineViewModel.swift */,
				6581288C9125565A66835597 /* ManualScanViewModel.swift */,
				65812A921CA61546D80399FB /* AddPhotoViewModel.swift */,
				65812AFA854095F871580881 /* ReplaceAttachmentViewModel.swift */,
				6581249BE687ED691ED8D632 /* AttachmentListViewModel.swift */,
				65812C7C8562613D173ECFDA /* AttachmentItemViewModel.swift */,
				65812A385B98FD7F6A52421F /* Protocols */,
				B6F0DDC2AC01D8CDBE3220CB /* EMRFormViewModel.swift */,
				B6F0D57D5FCA1953B142A7CA /* EMRFormItemViewModel.swift */,
				B6F0DE1C03D71D767227CCD9 /* EMRCheckListViewModel.swift */,
				B6F0DB3ECB0CE9A5BF3DBFBB /* EMRCheckListItemViewModel.swift */,
			);
			path = ViewModels;
			sourceTree = "<group>";
		};
		658124E5C256D8075BEF92D6 /* Common */ = {
			isa = PBXGroup;
			children = (
				658127BE219B2CF5B80EA6F5 /* Abstracts */,
				658125D9C2BFDDDF3A435B28 /* Protocols */,
			);
			path = Common;
			sourceTree = "<group>";
		};
		658125D9C2BFDDDF3A435B28 /* Protocols */ = {
			isa = PBXGroup;
			children = (
			);
			path = Protocols;
			sourceTree = "<group>";
		};
		65812603BACA4184704A0753 /* Abstracts */ = {
			isa = PBXGroup;
			children = (
			);
			path = Abstracts;
			sourceTree = "<group>";
		};
		6581266DA4053C45A4689789 /* UIElements */ = {
			isa = PBXGroup;
			children = (
				65812603BACA4184704A0753 /* Abstracts */,
				658122D4692052A2DFDF2CF7 /* Protocols */,
			);
			path = UIElements;
			sourceTree = "<group>";
		};
		65812692803175B3E05C6009 /* Abstracts */ = {
			isa = PBXGroup;
			children = (
			);
			path = Abstracts;
			sourceTree = "<group>";
		};
		658127A79AF128987DA05D04 /* Flows */ = {
			isa = PBXGroup;
			children = (
				65812325CFF6545D60E3B4C3 /* Steps.swift */,
				65812505C54DD01C4175F3C2 /* MainFlow.swift */,
				65812F3E9948E42699B11680 /* EMRFlow.swift */,
				65812692803175B3E05C6009 /* Abstracts */,
				6581221D24B74EF4F7DB69B8 /* Protocols */,
			);
			path = Flows;
			sourceTree = "<group>";
		};
		658127BE219B2CF5B80EA6F5 /* Abstracts */ = {
			isa = PBXGroup;
			children = (
			);
			path = Abstracts;
			sourceTree = "<group>";
		};
		65812A385B98FD7F6A52421F /* Protocols */ = {
			isa = PBXGroup;
			children = (
				B6F0D1830DDB5E91EB6BDA23 /* BarcodeScannerViewModel.swift */,
			);
			path = Protocols;
			sourceTree = "<group>";
		};
		65812D0DFE457EECB91C8E23 /* Protocols */ = {
			isa = PBXGroup;
			children = (
			);
			path = Protocols;
			sourceTree = "<group>";
		};
		65812F297F696EE3973DF8DA /* Abstracts */ = {
			isa = PBXGroup;
			children = (
			);
			path = Abstracts;
			sourceTree = "<group>";
		};
		871988A02260C61700BE017E /* LocalEntities */ = {
			isa = PBXGroup;
			children = (
				871988A52260C69000BE017E /* MOB_RenEMRLinePhoto.swift */,
			);
			path = LocalEntities;
			sourceTree = "<group>";
		};
		B6F0D128299EB792060940AF /* OnlineEntities */ = {
			isa = PBXGroup;
			children = (
				B6F0D6EEB763AA062B30B85C /* MOB_EquipmentBarCode.swift */,
				B6F0D7CFC489DF446915595C /* MOB_RenInspectionChecklistHistory.swift */,
			);
			path = OnlineEntities;
			sourceTree = "<group>";
		};
		B6F0D198964A28D63097C0ED /* CellViews */ = {
			isa = PBXGroup;
			children = (
				B6F0DB6521F70B983BE35959 /* EMRTableViewCell.swift */,
				B6F0D8F5CC9249B4AD854E21 /* AttachmentTableViewCell.swift */,
				B6F0D17F49E1B763ECCD75F5 /* ConfigTableViewCell.swift */,
				B6F0DB64B9E4564B230BA3BC /* MenuTableViewCell.swift */,
				B6F0D679D1002159C18F3752 /* Abstracts */,
				B6F0D57B44D68199EE1C7B20 /* Protocols */,
				B6F0DC3EBBE176AB05EAB76B /* EMRCheckListTableViewCell.swift */,
			);
			path = CellViews;
			sourceTree = "<group>";
		};
		B6F0D3927441BCB9ED0FCA26 /* OnlineDAOs */ = {
			isa = PBXGroup;
			children = (
				B6F0DFB368B97C6F67D0ED21 /* RenInspectionChecklistHistoryDAO.swift */,
			);
			path = OnlineDAOs;
			sourceTree = "<group>";
		};
		B6F0D57B44D68199EE1C7B20 /* Protocols */ = {
			isa = PBXGroup;
			children = (
			);
			path = Protocols;
			sourceTree = "<group>";
		};
		B6F0D5BC07114D1AF4C1F8CB /* Abstracts */ = {
			isa = PBXGroup;
			children = (
			);
			path = Abstracts;
			sourceTree = "<group>";
		};
		B6F0D679D1002159C18F3752 /* Abstracts */ = {
			isa = PBXGroup;
			children = (
			);
			path = Abstracts;
			sourceTree = "<group>";
		};
		B6F0D726DF73CF048E904E62 /* Protocols */ = {
			isa = PBXGroup;
			children = (
				B6F0DC157DBDCDA2A026E1C6 /* BarcodeScan.swift */,
				B6F0DF2547D2D44253F53B29 /* RentalApi.swift */,
			);
			path = Protocols;
			sourceTree = "<group>";
		};
		B6F0D7E83E1D3B2159539C9E /* DAOs */ = {
			isa = PBXGroup;
			children = (
				871988962260C54000BE017E /* DamageCodesDAO.swift */,
				871988972260C54000BE017E /* DamageHistoryDAO.swift */,
				B6F0DA5CF85323B35D73603F /* ModDateTimesDAO.swift */,
				B6F0D4DE458DC97FF2F91E9E /* RenEMRArrivalDAO.swift */,
				B6F0DB1C0502486D0DA347BE /* RenEMRLineDAO.swift */,
				B6F0D66B85CC4F1148D9D19C /* RenEMRTableDAO.swift */,
				B6F0D9C98969F16B7A2192ED /* RenReplacementReasonDAO.swift */,
				B6F0DDAE07EDD48AEF44B100 /* RenWorkerWarehouseDAO.swift */,
				B6F0DBDDE25B1DD715020EE0 /* WorkerInvLocationsDAO.swift */,
				B6F0D1321DFA64B89A41B096 /* RenParametersDAO.swift */,
			);
			path = DAOs;
			sourceTree = "<group>";
		};
		B6F0D83208FA95B81C08D029 /* Protocols */ = {
			isa = PBXGroup;
			children = (
				B6F0DCCF55EE7B749801B8C0 /* BarcodeScannerView.swift */,
			);
			path = Protocols;
			sourceTree = "<group>";
		};
		B6F0D83A84B02F083D18F902 /* Entities */ = {
			isa = PBXGroup;
			children = (
				871988AE2260C72700BE017E /* MOB_DamageCodes.swift */,
				871988AD2260C72700BE017E /* MOB_DamageHistory.swift */,
				B6F0DC3FB38222F238489B51 /* MOB_RenEMRLine.swift */,
				B6F0D96D6EDFE9F837BA69D3 /* MOB_RenEMRTable.swift */,
				B6F0D97F85D9073882906B56 /* MOB_ModDateTimes.swift */,
				B6F0DBCD0AD0F45F1DE4AA8E /* MOB_RenWorkerWarehouse.swift */,
				B6F0DB18C3653FEDD6A1A916 /* MOB_RenReplacementReason.swift */,
				B6F0D5C3B0629D8F8AEA0FCA /* MOB_RenEMRArrival.swift */,
				B6F0DE56DF271582379E8CDB /* MOB_WorkerInvLocations.swift */,
				B6F0D9092F51DCA52B0C5420 /* MOB_RenParameters.swift */,
			);
			path = Entities;
			sourceTree = "<group>";
		};
		B6F0D8C5305C756B95DD4ACC /* Services */ = {
			isa = PBXGroup;
			children = (
				B6F0D5BC07114D1AF4C1F8CB /* Abstracts */,
				B6F0D726DF73CF048E904E62 /* Protocols */,
				B6F0D52DC1B5ACD3A2EEB569 /* BarcodeScanService.swift */,
				B6F0D79AFE6E6C3B678D5426 /* RentalApiService.swift */,
			);
			path = Services;
			sourceTree = "<group>";
		};
		B6F0DC3CF15D5B3644E8C77F /* Models */ = {
			isa = PBXGroup;
			children = (
				871988A92260C6E200BE017E /* DamageCodes.swift */,
				871988AA2260C6E200BE017E /* DamageHistory.swift */,
				B6F0DA402B39E85A6AAABC72 /* RenEMRLine.swift */,
				B6F0D2132764FB0C39604784 /* RenEMRTable.swift */,
				B6F0DC466C74B45A627A2F5B /* ModDateTimes.swift */,
				B6F0D246370AD3DAD7C12905 /* RenWorkerWarehouse.swift */,
				B6F0DC43042E987C3B0EC234 /* RenReplacementReason.swift */,
				B6F0D5A8F31F3F7426925097 /* RenEMRArrival.swift */,
				B6F0D086981AC5F638AD615E /* WorkerInvLocations.swift */,
				B6F0DE334EA85E3DCCDBF848 /* RenParameters.swift */,
			);
			path = Models;
			sourceTree = "<group>";
		};
		B6F0DDEF6B0A94ADAA661AE6 /* Abstracts */ = {
			isa = PBXGroup;
			children = (
			);
			path = Abstracts;
			sourceTree = "<group>";
		};
		B6F0DE500D3F0DC13BAA9923 /* Extensions */ = {
			isa = PBXGroup;
			children = (
				B6F0D9B4A708622C242A2AE4 /* MOB_RenEMRLineExtension.swift */,
			);
			path = Extensions;
			sourceTree = "<group>";
		};
		B6F0DF31A3E651F4FCBCF938 /* Views */ = {
			isa = PBXGroup;
			children = (
				B6F0DA74A686A14B6F7F86CD /* DamageHandlingViewController.swift */,
				B6F0D58B8109CD2E7DE76544 /* LoginViewController.swift */,
				B6F0D2D57CDA343CDD33A5F4 /* SettingsViewController.swift */,
				B6F0D4BEBE9E352F5C0314C6 /* EMRListViewController.swift */,
				B6F0DB566E3BB47A6561B8D0 /* EMRLineViewController.swift */,
				B6F0DE88621669957F5199F9 /* ManualScanViewController.swift */,
				B6F0D71C0B07CCBB8C50356C /* ConfigListViewController.swift */,
				B6F0DAD06BA30FD0E14127D2 /* ReplaceAttachmentViewController.swift */,
				B6F0D9F9AA7899206F1F3CC7 /* AttachmentListViewController.swift */,
				B6F0D6DCDBD19A3D84ECF619 /* AddPhotoViewController.swift */,
				B6F0D9F030548395270C8E40 /* MenuListViewController.swift */,
				B6F0DDEF6B0A94ADAA661AE6 /* Abstracts */,
				B6F0D83208FA95B81C08D029 /* Protocols */,
				B6F0D198964A28D63097C0ED /* CellViews */,
				B6F0D3659FCF4013888FD93B /* EMRFormViewController.swift */,
				B6F0DD8754B3FC79F020EFF1 /* EMRCheckListViewController.swift */,
			);
			path = Views;
			sourceTree = "<group>";
		};
		B6F0DF93BD67EE1D8E737FE1 /* SyncHandlers */ = {
			isa = PBXGroup;
			children = (
				B6F0DE1B8DFF69A05D5D3609 /* RenEMRLineInsertHandler.swift */,
			);
			path = SyncHandlers;
			sourceTree = "<group>";
		};
		B6F0DF9D770A3AD10BCCCD25 /* Datasources */ = {
			isa = PBXGroup;
			children = (
				871988A02260C61700BE017E /* LocalEntities */,
				B6F0D7E83E1D3B2159539C9E /* DAOs */,
				B6F0DC3CF15D5B3644E8C77F /* Models */,
				B6F0D83A84B02F083D18F902 /* Entities */,
				B6F0D128299EB792060940AF /* OnlineEntities */,
				B6F0DE500D3F0DC13BAA9923 /* Extensions */,
				B6F0D3927441BCB9ED0FCA26 /* OnlineDAOs */,
			);
			path = Datasources;
			sourceTree = "<group>";
		};
		F1869FDD0EF47CE851BD0A02 /* Frameworks */ = {
			isa = PBXGroup;
			children = (
				34F746E421F0F70A00ABBA1B /* NAXT_Mobile_Data_Entity_Framework.framework */,
				73E042DB4CE28B6520145FDA /* Pods_Rental.framework */,
			);
			name = Frameworks;
			sourceTree = "<group>";
		};
/* End PBXGroup section */

/* Begin PBXNativeTarget section */
		0B64F73321C264130024EC18 /* Rental */ = {
			isa = PBXNativeTarget;
			buildConfigurationList = 0B64F75C21C264140024EC18 /* Build configuration list for PBXNativeTarget "Rental" */;
			buildPhases = (
				50B6AF56A8E743B067F89E1B /* [CP] Check Pods Manifest.lock */,
				0B64F73021C264130024EC18 /* Sources */,
				0B64F73121C264130024EC18 /* Frameworks */,
				0B64F73221C264130024EC18 /* Resources */,
				C20706B697B40334F395A93D /* [CP] Embed Pods Frameworks */,
			);
			buildRules = (
			);
			dependencies = (
			);
			name = Rental;
			productName = PreEMRLite_01;
			productReference = 0B64F73421C264130024EC18 /* Rental.app */;
			productType = "com.apple.product-type.application";
		};
/* End PBXNativeTarget section */

/* Begin PBXProject section */
		0B64F72C21C264130024EC18 /* Project object */ = {
			isa = PBXProject;
			attributes = {
				LastSwiftUpdateCheck = 1010;
				LastUpgradeCheck = 1010;
				ORGANIZATIONNAME = "XAPT Kft";
				TargetAttributes = {
					0B64F73321C264130024EC18 = {
						CreatedOnToolsVersion = 10.1;
					};
				};
			};
			buildConfigurationList = 0B64F72F21C264130024EC18 /* Build configuration list for PBXProject "Rental" */;
			compatibilityVersion = "Xcode 9.3";
			developmentRegion = en;
			hasScannedForEncodings = 0;
			knownRegions = (
				en,
				Base,
			);
			mainGroup = 0B64F72B21C264130024EC18;
			productRefGroup = 0B64F73521C264130024EC18 /* Products */;
			projectDirPath = "";
			projectRoot = "";
			targets = (
				0B64F73321C264130024EC18 /* Rental */,
			);
		};
/* End PBXProject section */

/* Begin PBXResourcesBuildPhase section */
		0B64F73221C264130024EC18 /* Resources */ = {
			isa = PBXResourcesBuildPhase;
			buildActionMask = 2147483647;
			files = (
				0B64F74221C264140024EC18 /* LaunchScreen.storyboard in Resources */,
				0B1097C021DE29AF00147836 /* Assets.xcassets in Resources */,
				0B64F73D21C264130024EC18 /* Main.storyboard in Resources */,
			);
			runOnlyForDeploymentPostprocessing = 0;
		};
/* End PBXResourcesBuildPhase section */

/* Begin PBXShellScriptBuildPhase section */
		50B6AF56A8E743B067F89E1B /* [CP] Check Pods Manifest.lock */ = {
			isa = PBXShellScriptBuildPhase;
			buildActionMask = 2147483647;
			files = (
			);
			inputFileListPaths = (
			);
			inputPaths = (
				"${PODS_PODFILE_DIR_PATH}/Podfile.lock",
				"${PODS_ROOT}/Manifest.lock",
			);
			name = "[CP] Check Pods Manifest.lock";
			outputFileListPaths = (
			);
			outputPaths = (
				"$(DERIVED_FILE_DIR)/Pods-Rental-checkManifestLockResult.txt",
			);
			runOnlyForDeploymentPostprocessing = 0;
			shellPath = /bin/sh;
			shellScript = "diff \"${PODS_PODFILE_DIR_PATH}/Podfile.lock\" \"${PODS_ROOT}/Manifest.lock\" > /dev/null\nif [ $? != 0 ] ; then\n    # print error to STDERR\n    echo \"error: The sandbox is not in sync with the Podfile.lock. Run 'pod install' or update your CocoaPods installation.\" >&2\n    exit 1\nfi\n# This output is used by Xcode 'outputs' to avoid re-running this script phase.\necho \"SUCCESS\" > \"${SCRIPT_OUTPUT_FILE_0}\"\n";
			showEnvVarsInLog = 0;
		};
		C20706B697B40334F395A93D /* [CP] Embed Pods Frameworks */ = {
			isa = PBXShellScriptBuildPhase;
			buildActionMask = 2147483647;
			files = (
			);
			inputFileListPaths = (
			);
			inputPaths = (
				"${SRCROOT}/Pods/Target Support Files/Pods-Rental/Pods-Rental-frameworks.sh",
				"${BUILT_PRODUCTS_DIR}/ActionSheetPicker-3.0/ActionSheetPicker_3_0.framework",
				"${BUILT_PRODUCTS_DIR}/Alamofire/Alamofire.framework",
				"${BUILT_PRODUCTS_DIR}/BarcodeScanner/BarcodeScanner.framework",
				"${BUILT_PRODUCTS_DIR}/EVReflection/EVReflection.framework",
				"${BUILT_PRODUCTS_DIR}/MicrosoftAzureMobile-Xapt/MicrosoftAzureMobile_Xapt.framework",
				"${BUILT_PRODUCTS_DIR}/Moya/Moya.framework",
				"${BUILT_PRODUCTS_DIR}/NMDEF.Base/NMDEF_Base.framework",
				"${BUILT_PRODUCTS_DIR}/NMDEF.Sync/NMDEF_Sync.framework",
				"${BUILT_PRODUCTS_DIR}/ReachabilitySwift/Reachability.framework",
				"${BUILT_PRODUCTS_DIR}/Realm/Realm.framework",
				"${BUILT_PRODUCTS_DIR}/RealmSwift/RealmSwift.framework",
				"${BUILT_PRODUCTS_DIR}/Result/Result.framework",
				"${BUILT_PRODUCTS_DIR}/Reusable/Reusable.framework",
				"${BUILT_PRODUCTS_DIR}/RxBus/RxBus.framework",
				"${BUILT_PRODUCTS_DIR}/RxCocoa/RxCocoa.framework",
				"${BUILT_PRODUCTS_DIR}/RxFlow/RxFlow.framework",
				"${BUILT_PRODUCTS_DIR}/RxKeyboard/RxKeyboard.framework",
				"${BUILT_PRODUCTS_DIR}/RxReachability/RxReachability.framework",
				"${BUILT_PRODUCTS_DIR}/RxSwift/RxSwift.framework",
				"${BUILT_PRODUCTS_DIR}/RxViewController/RxViewController.framework",
				"${BUILT_PRODUCTS_DIR}/Spry/Spry.framework",
				"${BUILT_PRODUCTS_DIR}/Swinject/Swinject.framework",
				"${BUILT_PRODUCTS_DIR}/TextImageButton/TextImageButton.framework",
			);
			name = "[CP] Embed Pods Frameworks";
			outputFileListPaths = (
			);
			outputPaths = (
				"${TARGET_BUILD_DIR}/${FRAMEWORKS_FOLDER_PATH}/ActionSheetPicker_3_0.framework",
				"${TARGET_BUILD_DIR}/${FRAMEWORKS_FOLDER_PATH}/Alamofire.framework",
				"${TARGET_BUILD_DIR}/${FRAMEWORKS_FOLDER_PATH}/BarcodeScanner.framework",
				"${TARGET_BUILD_DIR}/${FRAMEWORKS_FOLDER_PATH}/EVReflection.framework",
				"${TARGET_BUILD_DIR}/${FRAMEWORKS_FOLDER_PATH}/MicrosoftAzureMobile_Xapt.framework",
				"${TARGET_BUILD_DIR}/${FRAMEWORKS_FOLDER_PATH}/Moya.framework",
				"${TARGET_BUILD_DIR}/${FRAMEWORKS_FOLDER_PATH}/NMDEF_Base.framework",
				"${TARGET_BUILD_DIR}/${FRAMEWORKS_FOLDER_PATH}/NMDEF_Sync.framework",
				"${TARGET_BUILD_DIR}/${FRAMEWORKS_FOLDER_PATH}/Reachability.framework",
				"${TARGET_BUILD_DIR}/${FRAMEWORKS_FOLDER_PATH}/Realm.framework",
				"${TARGET_BUILD_DIR}/${FRAMEWORKS_FOLDER_PATH}/RealmSwift.framework",
				"${TARGET_BUILD_DIR}/${FRAMEWORKS_FOLDER_PATH}/Result.framework",
				"${TARGET_BUILD_DIR}/${FRAMEWORKS_FOLDER_PATH}/Reusable.framework",
				"${TARGET_BUILD_DIR}/${FRAMEWORKS_FOLDER_PATH}/RxBus.framework",
				"${TARGET_BUILD_DIR}/${FRAMEWORKS_FOLDER_PATH}/RxCocoa.framework",
				"${TARGET_BUILD_DIR}/${FRAMEWORKS_FOLDER_PATH}/RxFlow.framework",
				"${TARGET_BUILD_DIR}/${FRAMEWORKS_FOLDER_PATH}/RxKeyboard.framework",
				"${TARGET_BUILD_DIR}/${FRAMEWORKS_FOLDER_PATH}/RxReachability.framework",
				"${TARGET_BUILD_DIR}/${FRAMEWORKS_FOLDER_PATH}/RxSwift.framework",
				"${TARGET_BUILD_DIR}/${FRAMEWORKS_FOLDER_PATH}/RxViewController.framework",
				"${TARGET_BUILD_DIR}/${FRAMEWORKS_FOLDER_PATH}/Spry.framework",
				"${TARGET_BUILD_DIR}/${FRAMEWORKS_FOLDER_PATH}/Swinject.framework",
				"${TARGET_BUILD_DIR}/${FRAMEWORKS_FOLDER_PATH}/TextImageButton.framework",
			);
			runOnlyForDeploymentPostprocessing = 0;
			shellPath = /bin/sh;
			shellScript = "\"${SRCROOT}/Pods/Target Support Files/Pods-Rental/Pods-Rental-frameworks.sh\"\n";
			showEnvVarsInLog = 0;
		};
/* End PBXShellScriptBuildPhase section */

/* Begin PBXSourcesBuildPhase section */
		0B64F73021C264130024EC18 /* Sources */ = {
			isa = PBXSourcesBuildPhase;
			buildActionMask = 2147483647;
			files = (
				0B39275D21EC984E00EABC70 /* AttachmentModel.swift in Sources */,
				0B73E18F21DFF12F00C26BF0 /* EMRLineModel.swift in Sources */,
				658122656C036B160D86D872 /* LoginViewModel.swift in Sources */,
				6581237FDF2FE2BCC04BC688 /* Steps.swift in Sources */,
				65812FDC5B2043BA08E0412E /* MainFlow.swift in Sources */,
				65812E5584F0CED1AF92340D /* ConfigListViewModel.swift in Sources */,
				6581275BDB487F150EF62275 /* MenuListViewModel.swift in Sources */,
				65812EFC153AAA95EBA698CD /* SettingsViewModel.swift in Sources */,
				6581263BA9D8FA56650E30C9 /* ConfigItemViewModel.swift in Sources */,
				658122FC8A20FB0E93B9C065 /* MenuItemViewModel.swift in Sources */,
				871988982260C54000BE017E /* DamageCodesDAO.swift in Sources */,
				65812EFD11EADA161D950841 /* EMRFlow.swift in Sources */,
				65812D070D525C04FBDF3D00 /* EMRListViewModel.swift in Sources */,
				6581271B61145CCE3E5EFCFB /* EMRItemViewModel.swift in Sources */,
				65812CFB38323AAC53DF765C /* EMRLineViewModel.swift in Sources */,
				65812923A7B48D1EA5ED01D2 /* ManualScanViewModel.swift in Sources */,
				6581262504F8823C50B9AA4D /* AddPhotoViewModel.swift in Sources */,
				658127D688E8BA79C2D94F1B /* ReplaceAttachmentViewModel.swift in Sources */,
				65812A45933E6515952F14A8 /* AttachmentListViewModel.swift in Sources */,
				65812CFF8478370571095B06 /* AttachmentItemViewModel.swift in Sources */,
				658124A183693C39BB549869 /* MenuModel.swift in Sources */,
				65812ACB88BF8E347EAF5352 /* ConfigModel.swift in Sources */,
				871988AB2260C6E200BE017E /* DamageCodes.swift in Sources */,
				871988AF2260C72700BE017E /* MOB_DamageHistory.swift in Sources */,
				B6F0D867BC7AB111B975C994 /* RenEMRLine.swift in Sources */,
				B6F0DBFFF702FAB3D8904590 /* RenEMRTable.swift in Sources */,
				B6F0DAE722331DD32E4BA07D /* ModDateTimes.swift in Sources */,
				B6F0DEB549CCBF2882B0D374 /* RenWorkerWarehouse.swift in Sources */,
				B6F0DFC919ACAFA91E1D0218 /* RenReplacementReason.swift in Sources */,
				B6F0D4815E83B59810950BB4 /* MOB_RenEMRLine.swift in Sources */,
				B6F0DF984DDB9AEB19FFFA09 /* MOB_RenEMRTable.swift in Sources */,
				B6F0D5D6F4D9D4FB59A313C8 /* MOB_ModDateTimes.swift in Sources */,
				B6F0DB43FFA1166A4EE57EC2 /* MOB_RenWorkerWarehouse.swift in Sources */,
				B6F0DA7D0C6311E0FAC9BBA9 /* MOB_RenReplacementReason.swift in Sources */,
				B6F0DBD51166EA7F3AEF8660 /* RentalSettings.swift in Sources */,
				871988992260C54000BE017E /* DamageHistoryDAO.swift in Sources */,
				B6F0DB9B9352B27EF0805BA4 /* BarcodeScannerViewModel.swift in Sources */,
				B6F0D5A56C0D022B038B7D02 /* AppDelegate.swift in Sources */,
				B6F0DBCBAB25AA23B8A9E58B /* EMRFormViewModel.swift in Sources */,
				B6F0D06504EFEFD5CF4AA3C6 /* MOB_EquipmentBarCode.swift in Sources */,
				B6F0D8BDB05CC6B8D3FDC1F2 /* MOB_RenEMRArrival.swift in Sources */,
				B6F0D888707311A40726BDB0 /* MOB_WorkerInvLocations.swift in Sources */,
				B6F0D57388A2420C0938A314 /* ModDateTimesDAO.swift in Sources */,
				B6F0D0557F29A70EB678E5F9 /* RenEMRArrivalDAO.swift in Sources */,
				B6F0D1832CFED7B568CDF71E /* RenEMRLineDAO.swift in Sources */,
				B6F0DCFACC651735264E201D /* RenEMRTableDAO.swift in Sources */,
				871988B02260C72700BE017E /* MOB_DamageCodes.swift in Sources */,
				B6F0DBE43FC743B73E310144 /* RenReplacementReasonDAO.swift in Sources */,
				B6F0D050C0A909CB70456DCB /* RenWorkerWarehouseDAO.swift in Sources */,
				871988AC2260C6E200BE017E /* DamageHistory.swift in Sources */,
				B6F0D05D2184A1BDE82335E8 /* WorkerInvLocationsDAO.swift in Sources */,
				B6F0DB61306686EFB042C2BF /* RenEMRArrival.swift in Sources */,
				B6F0DE269F074C38CFF2A0AE /* WorkerInvLocations.swift in Sources */,
				B6F0DB11464F8DA52E675593 /* EMRFormItemViewModel.swift in Sources */,
				B6F0DA56970F6704968403ED /* BarcodeScan.swift in Sources */,
				B6F0D8718364E62782C5BAE7 /* RentalApi.swift in Sources */,
				B6F0D465C546FA6E7A6E4431 /* BarcodeScanService.swift in Sources */,
				B6F0DE23A34BB5158B9D9BA7 /* RentalApiService.swift in Sources */,
				871988A62260C69000BE017E /* MOB_RenEMRLinePhoto.swift in Sources */,
				871988A82260C6B500BE017E /* DamageHandlingViewModel.swift in Sources */,
				B6F0DB39A53EA39A67BE4451 /* RenEMRLineInsertHandler.swift in Sources */,
				B6F0D0E58437C233C8DBF8FE /* MOB_RenEMRLineExtension.swift in Sources */,
				B6F0D72D7D8500EC750A92F8 /* RenParametersDAO.swift in Sources */,
				B6F0D5E6EB5B85969211B6A1 /* RenParameters.swift in Sources */,
				B6F0D88FA5226DD3217577D7 /* MOB_RenParameters.swift in Sources */,
				B6F0D04730B8E617CA62F2FC /* EMRCheckListViewModel.swift in Sources */,
				B6F0D51E673ACC5755ECDFB8 /* MOB_RenInspectionChecklistHistory.swift in Sources */,
				B6F0D4A021682DE8E69DC741 /* EMRCheckListItemViewModel.swift in Sources */,
				B6F0D99F2BF7E789EA8857B9 /* DamageHandlingViewController.swift in Sources */,
				B6F0D75C1E393F87DF8AAC89 /* LoginViewController.swift in Sources */,
				B6F0D72E95C17FDA626BDA12 /* SettingsViewController.swift in Sources */,
				B6F0D5B21546CB59E9AC4975 /* EMRListViewController.swift in Sources */,
				B6F0D79B08D6B7B9E329CF05 /* EMRLineViewController.swift in Sources */,
				B6F0D54B5CB2604DA0C0CF14 /* ManualScanViewController.swift in Sources */,
				B6F0DD82D763B9D86D07597B /* ConfigListViewController.swift in Sources */,
				B6F0DF21845085F6F1E2FC8B /* ReplaceAttachmentViewController.swift in Sources */,
				B6F0D79F98E340296475405C /* AttachmentListViewController.swift in Sources */,
				B6F0D86CFE4D466B5881B69F /* AddPhotoViewController.swift in Sources */,
				B6F0D99C41883F8A470191B7 /* MenuListViewController.swift in Sources */,
				B6F0DE36FFD0E7953A278018 /* BarcodeScannerView.swift in Sources */,
				B6F0D0498DBE335CBD154E91 /* EMRTableViewCell.swift in Sources */,
				B6F0DD2CB3BBBCCEC65FFD77 /* AttachmentTableViewCell.swift in Sources */,
				B6F0D3AF97EC8E940EC951C7 /* ConfigTableViewCell.swift in Sources */,
				B6F0D060D2B25B5A57A6B58C /* MenuTableViewCell.swift in Sources */,
				B6F0DFF156335FE1C9D899CC /* EMRCheckListTableViewCell.swift in Sources */,
				B6F0DFCA8250F11A7613C615 /* EMRFormViewController.swift in Sources */,
				B6F0DB5A2C71423CFC4D3830 /* EMRCheckListViewController.swift in Sources */,
				B6F0D4796FBB5643CED8BDAE /* RenInspectionChecklistHistoryDAO.swift in Sources */,
			);
			runOnlyForDeploymentPostprocessing = 0;
		};
/* End PBXSourcesBuildPhase section */

/* Begin PBXVariantGroup section */
		0B64F73B21C264130024EC18 /* Main.storyboard */ = {
			isa = PBXVariantGroup;
			children = (
				0B64F73C21C264130024EC18 /* Base */,
			);
			name = Main.storyboard;
			sourceTree = "<group>";
		};
		0B64F74021C264140024EC18 /* LaunchScreen.storyboard */ = {
			isa = PBXVariantGroup;
			children = (
				0B64F74121C264140024EC18 /* Base */,
			);
			name = LaunchScreen.storyboard;
			sourceTree = "<group>";
		};
/* End PBXVariantGroup section */

/* Begin XCBuildConfiguration section */
		0B64F75A21C264140024EC18 /* Debug */ = {
			isa = XCBuildConfiguration;
			buildSettings = {
				ALWAYS_EMBED_SWIFT_STANDARD_LIBRARIES = YES;
				ALWAYS_SEARCH_USER_PATHS = NO;
				CLANG_ANALYZER_NONNULL = YES;
				CLANG_ANALYZER_NUMBER_OBJECT_CONVERSION = YES_AGGRESSIVE;
				CLANG_CXX_LANGUAGE_STANDARD = "gnu++14";
				CLANG_CXX_LIBRARY = "libc++";
				CLANG_ENABLE_MODULES = YES;
				CLANG_ENABLE_OBJC_ARC = YES;
				CLANG_ENABLE_OBJC_WEAK = YES;
				CLANG_WARN_BLOCK_CAPTURE_AUTORELEASING = YES;
				CLANG_WARN_BOOL_CONVERSION = YES;
				CLANG_WARN_COMMA = YES;
				CLANG_WARN_CONSTANT_CONVERSION = YES;
				CLANG_WARN_DEPRECATED_OBJC_IMPLEMENTATIONS = YES;
				CLANG_WARN_DIRECT_OBJC_ISA_USAGE = YES_ERROR;
				CLANG_WARN_DOCUMENTATION_COMMENTS = YES;
				CLANG_WARN_EMPTY_BODY = YES;
				CLANG_WARN_ENUM_CONVERSION = YES;
				CLANG_WARN_INFINITE_RECURSION = YES;
				CLANG_WARN_INT_CONVERSION = YES;
				CLANG_WARN_NON_LITERAL_NULL_CONVERSION = YES;
				CLANG_WARN_OBJC_IMPLICIT_RETAIN_SELF = YES;
				CLANG_WARN_OBJC_LITERAL_CONVERSION = YES;
				CLANG_WARN_OBJC_ROOT_CLASS = YES_ERROR;
				CLANG_WARN_RANGE_LOOP_ANALYSIS = YES;
				CLANG_WARN_STRICT_PROTOTYPES = YES;
				CLANG_WARN_SUSPICIOUS_MOVE = YES;
				CLANG_WARN_UNGUARDED_AVAILABILITY = YES_AGGRESSIVE;
				CLANG_WARN_UNREACHABLE_CODE = YES;
				CLANG_WARN__DUPLICATE_METHOD_MATCH = YES;
				CODE_SIGN_IDENTITY = "iPhone Developer";
				COPY_PHASE_STRIP = NO;
				DEBUG_INFORMATION_FORMAT = dwarf;
				ENABLE_STRICT_OBJC_MSGSEND = YES;
				ENABLE_TESTABILITY = YES;
				GCC_C_LANGUAGE_STANDARD = gnu11;
				GCC_DYNAMIC_NO_PIC = NO;
				GCC_NO_COMMON_BLOCKS = YES;
				GCC_OPTIMIZATION_LEVEL = 0;
				GCC_PREPROCESSOR_DEFINITIONS = (
					"DEBUG=1",
					"$(inherited)",
				);
				GCC_WARN_64_TO_32_BIT_CONVERSION = YES;
				GCC_WARN_ABOUT_RETURN_TYPE = YES_ERROR;
				GCC_WARN_UNDECLARED_SELECTOR = YES;
				GCC_WARN_UNINITIALIZED_AUTOS = YES_AGGRESSIVE;
				GCC_WARN_UNUSED_FUNCTION = YES;
				GCC_WARN_UNUSED_VARIABLE = YES;
				IPHONEOS_DEPLOYMENT_TARGET = 11;
				MTL_ENABLE_DEBUG_INFO = INCLUDE_SOURCE;
				MTL_FAST_MATH = YES;
				ONLY_ACTIVE_ARCH = YES;
				SDKROOT = iphoneos;
				SWIFT_ACTIVE_COMPILATION_CONDITIONS = DEBUG;
				SWIFT_OPTIMIZATION_LEVEL = "-Onone";
			};
			name = Debug;
		};
		0B64F75B21C264140024EC18 /* Release */ = {
			isa = XCBuildConfiguration;
			buildSettings = {
				ALWAYS_EMBED_SWIFT_STANDARD_LIBRARIES = YES;
				ALWAYS_SEARCH_USER_PATHS = NO;
				CLANG_ANALYZER_NONNULL = YES;
				CLANG_ANALYZER_NUMBER_OBJECT_CONVERSION = YES_AGGRESSIVE;
				CLANG_CXX_LANGUAGE_STANDARD = "gnu++14";
				CLANG_CXX_LIBRARY = "libc++";
				CLANG_ENABLE_MODULES = YES;
				CLANG_ENABLE_OBJC_ARC = YES;
				CLANG_ENABLE_OBJC_WEAK = YES;
				CLANG_WARN_BLOCK_CAPTURE_AUTORELEASING = YES;
				CLANG_WARN_BOOL_CONVERSION = YES;
				CLANG_WARN_COMMA = YES;
				CLANG_WARN_CONSTANT_CONVERSION = YES;
				CLANG_WARN_DEPRECATED_OBJC_IMPLEMENTATIONS = YES;
				CLANG_WARN_DIRECT_OBJC_ISA_USAGE = YES_ERROR;
				CLANG_WARN_DOCUMENTATION_COMMENTS = YES;
				CLANG_WARN_EMPTY_BODY = YES;
				CLANG_WARN_ENUM_CONVERSION = YES;
				CLANG_WARN_INFINITE_RECURSION = YES;
				CLANG_WARN_INT_CONVERSION = YES;
				CLANG_WARN_NON_LITERAL_NULL_CONVERSION = YES;
				CLANG_WARN_OBJC_IMPLICIT_RETAIN_SELF = YES;
				CLANG_WARN_OBJC_LITERAL_CONVERSION = YES;
				CLANG_WARN_OBJC_ROOT_CLASS = YES_ERROR;
				CLANG_WARN_RANGE_LOOP_ANALYSIS = YES;
				CLANG_WARN_STRICT_PROTOTYPES = YES;
				CLANG_WARN_SUSPICIOUS_MOVE = YES;
				CLANG_WARN_UNGUARDED_AVAILABILITY = YES_AGGRESSIVE;
				CLANG_WARN_UNREACHABLE_CODE = YES;
				CLANG_WARN__DUPLICATE_METHOD_MATCH = YES;
				CODE_SIGN_IDENTITY = "iPhone Developer";
				COPY_PHASE_STRIP = NO;
				DEBUG_INFORMATION_FORMAT = "dwarf-with-dsym";
				ENABLE_NS_ASSERTIONS = NO;
				ENABLE_STRICT_OBJC_MSGSEND = YES;
				GCC_C_LANGUAGE_STANDARD = gnu11;
				GCC_NO_COMMON_BLOCKS = YES;
				GCC_WARN_64_TO_32_BIT_CONVERSION = YES;
				GCC_WARN_ABOUT_RETURN_TYPE = YES_ERROR;
				GCC_WARN_UNDECLARED_SELECTOR = YES;
				GCC_WARN_UNINITIALIZED_AUTOS = YES_AGGRESSIVE;
				GCC_WARN_UNUSED_FUNCTION = YES;
				GCC_WARN_UNUSED_VARIABLE = YES;
				IPHONEOS_DEPLOYMENT_TARGET = 11;
				MTL_ENABLE_DEBUG_INFO = NO;
				MTL_FAST_MATH = YES;
				SDKROOT = iphoneos;
				SWIFT_COMPILATION_MODE = wholemodule;
				SWIFT_OPTIMIZATION_LEVEL = "-O";
				VALIDATE_PRODUCT = YES;
			};
			name = Release;
		};
		0B64F75D21C264140024EC18 /* Debug */ = {
			isa = XCBuildConfiguration;
			baseConfigurationReference = 5C631833CC38EF775D8690EB /* Pods-Rental.debug.xcconfig */;
			buildSettings = {
				ASSETCATALOG_COMPILER_APPICON_NAME = AppIcon;
				CODE_SIGN_IDENTITY = "iPhone Developer";
				CODE_SIGN_STYLE = Automatic;
				DEVELOPMENT_TEAM = 7VJ4QE7Y2R;
				INFOPLIST_FILE = "$(SRCROOT)/Rental/Info.plist";
				IPHONEOS_DEPLOYMENT_TARGET = 10.0;
				LD_RUNPATH_SEARCH_PATHS = (
					"$(inherited)",
					"@executable_path/Frameworks",
				);
				PRODUCT_BUNDLE_IDENTIFIER = com.xapt.emr.rental;
				PRODUCT_NAME = "$(TARGET_NAME)";
				PROVISIONING_PROFILE_SPECIFIER = "";
				SWIFT_VERSION = 5.0;
				TARGETED_DEVICE_FAMILY = "1,2";
				USER_HEADER_SEARCH_PATHS = "\"${PROJECT_DIR}/../../NMDEF.iOS\"/**";
			};
			name = Debug;
		};
		0B64F75E21C264140024EC18 /* Release */ = {
			isa = XCBuildConfiguration;
			baseConfigurationReference = 7A9F778AD33BBA6210060770 /* Pods-Rental.release.xcconfig */;
			buildSettings = {
				ASSETCATALOG_COMPILER_APPICON_NAME = AppIcon;
				CODE_SIGN_IDENTITY = "iPhone Developer";
				CODE_SIGN_STYLE = Automatic;
				DEVELOPMENT_TEAM = 7VJ4QE7Y2R;
				INFOPLIST_FILE = "$(SRCROOT)/Rental/Info.plist";
				IPHONEOS_DEPLOYMENT_TARGET = 10.0;
				LD_RUNPATH_SEARCH_PATHS = (
					"$(inherited)",
					"@executable_path/Frameworks",
				);
				PRODUCT_BUNDLE_IDENTIFIER = com.xapt.emr.rental;
				PRODUCT_NAME = "$(TARGET_NAME)";
				PROVISIONING_PROFILE_SPECIFIER = "";
				SWIFT_VERSION = 5.0;
				TARGETED_DEVICE_FAMILY = "1,2";
				USER_HEADER_SEARCH_PATHS = "\"${PROJECT_DIR}/../../NMDEF.iOS\"/**";
			};
			name = Release;
		};
/* End XCBuildConfiguration section */

/* Begin XCConfigurationList section */
		0B64F72F21C264130024EC18 /* Build configuration list for PBXProject "Rental" */ = {
			isa = XCConfigurationList;
			buildConfigurations = (
				0B64F75A21C264140024EC18 /* Debug */,
				0B64F75B21C264140024EC18 /* Release */,
			);
			defaultConfigurationIsVisible = 0;
			defaultConfigurationName = Release;
		};
		0B64F75C21C264140024EC18 /* Build configuration list for PBXNativeTarget "Rental" */ = {
			isa = XCConfigurationList;
			buildConfigurations = (
				0B64F75D21C264140024EC18 /* Debug */,
				0B64F75E21C264140024EC18 /* Release */,
			);
			defaultConfigurationIsVisible = 0;
			defaultConfigurationName = Release;
		};
/* End XCConfigurationList section */
	};
	rootObject = 0B64F72C21C264130024EC18 /* Project object */;
}
